// !$*UTF8*$!
{
	archiveVersion = 1;
	classes = {
	};
	objectVersion = 50;
	objects = {

/* Begin PBXBuildFile section */
		1357495D26D73415009E6233 /* Search.storyboard in Resources */ = {isa = PBXBuildFile; fileRef = 1357495C26D73415009E6233 /* Search.storyboard */; };
		1357495F26D73444009E6233 /* SearchVC.swift in Sources */ = {isa = PBXBuildFile; fileRef = 1357495E26D73444009E6233 /* SearchVC.swift */; };
		13E16C3826D739D60054C017 /* NavigationBarGradient.swift in Sources */ = {isa = PBXBuildFile; fileRef = 13E16C3726D739D60054C017 /* NavigationBarGradient.swift */; };
		627EF22326D6FCA30053B7F1 /* SF-Pro-Text-UltralightItalic.otf in Resources */ = {isa = PBXBuildFile; fileRef = 627EF21126D6FCA30053B7F1 /* SF-Pro-Text-UltralightItalic.otf */; };
		627EF22426D6FCA30053B7F1 /* SF-Pro-Text-Heavy.otf in Resources */ = {isa = PBXBuildFile; fileRef = 627EF21226D6FCA30053B7F1 /* SF-Pro-Text-Heavy.otf */; };
		627EF22526D6FCA30053B7F1 /* SF-Pro-Text-MediumItalic.otf in Resources */ = {isa = PBXBuildFile; fileRef = 627EF21326D6FCA30053B7F1 /* SF-Pro-Text-MediumItalic.otf */; };
		627EF22626D6FCA30053B7F1 /* SF-Pro-Text-Light.otf in Resources */ = {isa = PBXBuildFile; fileRef = 627EF21426D6FCA30053B7F1 /* SF-Pro-Text-Light.otf */; };
		627EF22726D6FCA30053B7F1 /* SF-Pro-Text-BlackItalic.otf in Resources */ = {isa = PBXBuildFile; fileRef = 627EF21526D6FCA30053B7F1 /* SF-Pro-Text-BlackItalic.otf */; };
		627EF22826D6FCA30053B7F1 /* SF-Pro-Text-Black.otf in Resources */ = {isa = PBXBuildFile; fileRef = 627EF21626D6FCA30053B7F1 /* SF-Pro-Text-Black.otf */; };
		627EF22926D6FCA30053B7F1 /* SF-Pro-Text-Regular.otf in Resources */ = {isa = PBXBuildFile; fileRef = 627EF21726D6FCA30053B7F1 /* SF-Pro-Text-Regular.otf */; };
		627EF22A26D6FCA30053B7F1 /* SF-Pro-Text-Ultralight.otf in Resources */ = {isa = PBXBuildFile; fileRef = 627EF21826D6FCA30053B7F1 /* SF-Pro-Text-Ultralight.otf */; };
		627EF22B26D6FCA30053B7F1 /* SF-Pro-Text-Bold.otf in Resources */ = {isa = PBXBuildFile; fileRef = 627EF21926D6FCA30053B7F1 /* SF-Pro-Text-Bold.otf */; };
		627EF22C26D6FCA30053B7F1 /* SF-Pro-Text-Thin.otf in Resources */ = {isa = PBXBuildFile; fileRef = 627EF21A26D6FCA30053B7F1 /* SF-Pro-Text-Thin.otf */; };
		627EF22D26D6FCA30053B7F1 /* SF-Pro-Text-ThinItalic.otf in Resources */ = {isa = PBXBuildFile; fileRef = 627EF21B26D6FCA30053B7F1 /* SF-Pro-Text-ThinItalic.otf */; };
		627EF22E26D6FCA30053B7F1 /* SF-Pro-Text-BoldItalic.otf in Resources */ = {isa = PBXBuildFile; fileRef = 627EF21C26D6FCA30053B7F1 /* SF-Pro-Text-BoldItalic.otf */; };
		627EF22F26D6FCA30053B7F1 /* SF-Pro-Text-RegularItalic.otf in Resources */ = {isa = PBXBuildFile; fileRef = 627EF21D26D6FCA30053B7F1 /* SF-Pro-Text-RegularItalic.otf */; };
		627EF23026D6FCA30053B7F1 /* SF-Pro-Text-Semibold.otf in Resources */ = {isa = PBXBuildFile; fileRef = 627EF21E26D6FCA30053B7F1 /* SF-Pro-Text-Semibold.otf */; };
		627EF23126D6FCA30053B7F1 /* SF-Pro-Text-HeavyItalic.otf in Resources */ = {isa = PBXBuildFile; fileRef = 627EF21F26D6FCA30053B7F1 /* SF-Pro-Text-HeavyItalic.otf */; };
		627EF23226D6FCA30053B7F1 /* SF-Pro-Text-LightItalic.otf in Resources */ = {isa = PBXBuildFile; fileRef = 627EF22026D6FCA30053B7F1 /* SF-Pro-Text-LightItalic.otf */; };
		627EF23326D6FCA30053B7F1 /* SF-Pro-Text-Medium.otf in Resources */ = {isa = PBXBuildFile; fileRef = 627EF22126D6FCA30053B7F1 /* SF-Pro-Text-Medium.otf */; };
		627EF23426D6FCA30053B7F1 /* SF-Pro-Text-SemiboldItalic.otf in Resources */ = {isa = PBXBuildFile; fileRef = 627EF22226D6FCA30053B7F1 /* SF-Pro-Text-SemiboldItalic.otf */; };
		627EF23826D6FCF50053B7F1 /* LoginVC.swift in Sources */ = {isa = PBXBuildFile; fileRef = 627EF23626D6FCF50053B7F1 /* LoginVC.swift */; };
		627EF23926D6FCF50053B7F1 /* Login.storyboard in Resources */ = {isa = PBXBuildFile; fileRef = 627EF23726D6FCF50053B7F1 /* Login.storyboard */; };
		627EF23D26D6FD080053B7F1 /* Profile.storyboard in Resources */ = {isa = PBXBuildFile; fileRef = 627EF23B26D6FD080053B7F1 /* Profile.storyboard */; };
		627EF23E26D6FD080053B7F1 /* ProfileViewController.swift in Sources */ = {isa = PBXBuildFile; fileRef = 627EF23C26D6FD080053B7F1 /* ProfileViewController.swift */; };
		627EF24226D6FD210053B7F1 /* SignIn.storyboard in Resources */ = {isa = PBXBuildFile; fileRef = 627EF24026D6FD210053B7F1 /* SignIn.storyboard */; };
		627EF24326D6FD210053B7F1 /* SignInViewController.swift in Sources */ = {isa = PBXBuildFile; fileRef = 627EF24126D6FD210053B7F1 /* SignInViewController.swift */; };
		627EF24726D6FD380053B7F1 /* UIButton+Gradient.swift in Sources */ = {isa = PBXBuildFile; fileRef = 627EF24526D6FD380053B7F1 /* UIButton+Gradient.swift */; };
		627EF24826D6FD380053B7F1 /* ColorsGradient.swift in Sources */ = {isa = PBXBuildFile; fileRef = 627EF24626D6FD380053B7F1 /* ColorsGradient.swift */; };
		65B6E09926D6C2B700A54D6C /* ResetPassword.storyboard in Resources */ = {isa = PBXBuildFile; fileRef = 65B6E09826D6C2B700A54D6C /* ResetPassword.storyboard */; };
		65B6E09B26D6C2EF00A54D6C /* ResetPasswordViewController.swift in Sources */ = {isa = PBXBuildFile; fileRef = 65B6E09A26D6C2EF00A54D6C /* ResetPasswordViewController.swift */; };
		65FB99BF26D5B63B00A9F670 /* AppDelegate.swift in Sources */ = {isa = PBXBuildFile; fileRef = 65FB99BE26D5B63B00A9F670 /* AppDelegate.swift */; };
		65FB99C126D5B63B00A9F670 /* SceneDelegate.swift in Sources */ = {isa = PBXBuildFile; fileRef = 65FB99C026D5B63B00A9F670 /* SceneDelegate.swift */; };
		65FB99C326D5B63B00A9F670 /* ViewController.swift in Sources */ = {isa = PBXBuildFile; fileRef = 65FB99C226D5B63B00A9F670 /* ViewController.swift */; };
		65FB99C626D5B63B00A9F670 /* Main.storyboard in Resources */ = {isa = PBXBuildFile; fileRef = 65FB99C426D5B63B00A9F670 /* Main.storyboard */; };
		65FB99C826D5B63E00A9F670 /* Assets.xcassets in Resources */ = {isa = PBXBuildFile; fileRef = 65FB99C726D5B63E00A9F670 /* Assets.xcassets */; };
		65FB99CB26D5B63E00A9F670 /* LaunchScreen.storyboard in Resources */ = {isa = PBXBuildFile; fileRef = 65FB99C926D5B63E00A9F670 /* LaunchScreen.storyboard */; };
/* End PBXBuildFile section */

/* Begin PBXFileReference section */
		1357495C26D73415009E6233 /* Search.storyboard */ = {isa = PBXFileReference; lastKnownFileType = file.storyboard; path = Search.storyboard; sourceTree = "<group>"; };
		1357495E26D73444009E6233 /* SearchVC.swift */ = {isa = PBXFileReference; lastKnownFileType = sourcecode.swift; path = SearchVC.swift; sourceTree = "<group>"; };
		13E16C3726D739D60054C017 /* NavigationBarGradient.swift */ = {isa = PBXFileReference; lastKnownFileType = sourcecode.swift; path = NavigationBarGradient.swift; sourceTree = "<group>"; };
		627EF21126D6FCA30053B7F1 /* SF-Pro-Text-UltralightItalic.otf */ = {isa = PBXFileReference; lastKnownFileType = file; path = "SF-Pro-Text-UltralightItalic.otf"; sourceTree = "<group>"; };
		627EF21226D6FCA30053B7F1 /* SF-Pro-Text-Heavy.otf */ = {isa = PBXFileReference; lastKnownFileType = file; path = "SF-Pro-Text-Heavy.otf"; sourceTree = "<group>"; };
		627EF21326D6FCA30053B7F1 /* SF-Pro-Text-MediumItalic.otf */ = {isa = PBXFileReference; lastKnownFileType = file; path = "SF-Pro-Text-MediumItalic.otf"; sourceTree = "<group>"; };
		627EF21426D6FCA30053B7F1 /* SF-Pro-Text-Light.otf */ = {isa = PBXFileReference; lastKnownFileType = file; path = "SF-Pro-Text-Light.otf"; sourceTree = "<group>"; };
		627EF21526D6FCA30053B7F1 /* SF-Pro-Text-BlackItalic.otf */ = {isa = PBXFileReference; lastKnownFileType = file; path = "SF-Pro-Text-BlackItalic.otf"; sourceTree = "<group>"; };
		627EF21626D6FCA30053B7F1 /* SF-Pro-Text-Black.otf */ = {isa = PBXFileReference; lastKnownFileType = file; path = "SF-Pro-Text-Black.otf"; sourceTree = "<group>"; };
		627EF21726D6FCA30053B7F1 /* SF-Pro-Text-Regular.otf */ = {isa = PBXFileReference; lastKnownFileType = file; path = "SF-Pro-Text-Regular.otf"; sourceTree = "<group>"; };
		627EF21826D6FCA30053B7F1 /* SF-Pro-Text-Ultralight.otf */ = {isa = PBXFileReference; lastKnownFileType = file; path = "SF-Pro-Text-Ultralight.otf"; sourceTree = "<group>"; };
		627EF21926D6FCA30053B7F1 /* SF-Pro-Text-Bold.otf */ = {isa = PBXFileReference; lastKnownFileType = file; path = "SF-Pro-Text-Bold.otf"; sourceTree = "<group>"; };
		627EF21A26D6FCA30053B7F1 /* SF-Pro-Text-Thin.otf */ = {isa = PBXFileReference; lastKnownFileType = file; path = "SF-Pro-Text-Thin.otf"; sourceTree = "<group>"; };
		627EF21B26D6FCA30053B7F1 /* SF-Pro-Text-ThinItalic.otf */ = {isa = PBXFileReference; lastKnownFileType = file; path = "SF-Pro-Text-ThinItalic.otf"; sourceTree = "<group>"; };
		627EF21C26D6FCA30053B7F1 /* SF-Pro-Text-BoldItalic.otf */ = {isa = PBXFileReference; lastKnownFileType = file; path = "SF-Pro-Text-BoldItalic.otf"; sourceTree = "<group>"; };
		627EF21D26D6FCA30053B7F1 /* SF-Pro-Text-RegularItalic.otf */ = {isa = PBXFileReference; lastKnownFileType = file; path = "SF-Pro-Text-RegularItalic.otf"; sourceTree = "<group>"; };
		627EF21E26D6FCA30053B7F1 /* SF-Pro-Text-Semibold.otf */ = {isa = PBXFileReference; lastKnownFileType = file; path = "SF-Pro-Text-Semibold.otf"; sourceTree = "<group>"; };
		627EF21F26D6FCA30053B7F1 /* SF-Pro-Text-HeavyItalic.otf */ = {isa = PBXFileReference; lastKnownFileType = file; path = "SF-Pro-Text-HeavyItalic.otf"; sourceTree = "<group>"; };
		627EF22026D6FCA30053B7F1 /* SF-Pro-Text-LightItalic.otf */ = {isa = PBXFileReference; lastKnownFileType = file; path = "SF-Pro-Text-LightItalic.otf"; sourceTree = "<group>"; };
		627EF22126D6FCA30053B7F1 /* SF-Pro-Text-Medium.otf */ = {isa = PBXFileReference; lastKnownFileType = file; path = "SF-Pro-Text-Medium.otf"; sourceTree = "<group>"; };
		627EF22226D6FCA30053B7F1 /* SF-Pro-Text-SemiboldItalic.otf */ = {isa = PBXFileReference; lastKnownFileType = file; path = "SF-Pro-Text-SemiboldItalic.otf"; sourceTree = "<group>"; };
		627EF23626D6FCF50053B7F1 /* LoginVC.swift */ = {isa = PBXFileReference; fileEncoding = 4; lastKnownFileType = sourcecode.swift; path = LoginVC.swift; sourceTree = "<group>"; };
		627EF23726D6FCF50053B7F1 /* Login.storyboard */ = {isa = PBXFileReference; fileEncoding = 4; lastKnownFileType = file.storyboard; path = Login.storyboard; sourceTree = "<group>"; };
		627EF23B26D6FD080053B7F1 /* Profile.storyboard */ = {isa = PBXFileReference; fileEncoding = 4; lastKnownFileType = file.storyboard; path = Profile.storyboard; sourceTree = "<group>"; };
		627EF23C26D6FD080053B7F1 /* ProfileViewController.swift */ = {isa = PBXFileReference; fileEncoding = 4; lastKnownFileType = sourcecode.swift; path = ProfileViewController.swift; sourceTree = "<group>"; };
		627EF24026D6FD210053B7F1 /* SignIn.storyboard */ = {isa = PBXFileReference; fileEncoding = 4; lastKnownFileType = file.storyboard; path = SignIn.storyboard; sourceTree = "<group>"; };
		627EF24126D6FD210053B7F1 /* SignInViewController.swift */ = {isa = PBXFileReference; fileEncoding = 4; lastKnownFileType = sourcecode.swift; path = SignInViewController.swift; sourceTree = "<group>"; };
		627EF24526D6FD380053B7F1 /* UIButton+Gradient.swift */ = {isa = PBXFileReference; fileEncoding = 4; lastKnownFileType = sourcecode.swift; path = "UIButton+Gradient.swift"; sourceTree = "<group>"; };
		627EF24626D6FD380053B7F1 /* ColorsGradient.swift */ = {isa = PBXFileReference; fileEncoding = 4; lastKnownFileType = sourcecode.swift; path = ColorsGradient.swift; sourceTree = "<group>"; };
		65B6E09826D6C2B700A54D6C /* ResetPassword.storyboard */ = {isa = PBXFileReference; lastKnownFileType = file.storyboard; path = ResetPassword.storyboard; sourceTree = "<group>"; };
		65B6E09A26D6C2EF00A54D6C /* ResetPasswordViewController.swift */ = {isa = PBXFileReference; lastKnownFileType = sourcecode.swift; path = ResetPasswordViewController.swift; sourceTree = "<group>"; };
		65FB99BB26D5B63B00A9F670 /* Explore-BR.app */ = {isa = PBXFileReference; explicitFileType = wrapper.application; includeInIndex = 0; path = "Explore-BR.app"; sourceTree = BUILT_PRODUCTS_DIR; };
		65FB99BE26D5B63B00A9F670 /* AppDelegate.swift */ = {isa = PBXFileReference; lastKnownFileType = sourcecode.swift; path = AppDelegate.swift; sourceTree = "<group>"; };
		65FB99C026D5B63B00A9F670 /* SceneDelegate.swift */ = {isa = PBXFileReference; lastKnownFileType = sourcecode.swift; path = SceneDelegate.swift; sourceTree = "<group>"; };
		65FB99C226D5B63B00A9F670 /* ViewController.swift */ = {isa = PBXFileReference; lastKnownFileType = sourcecode.swift; path = ViewController.swift; sourceTree = "<group>"; };
		65FB99C526D5B63B00A9F670 /* Base */ = {isa = PBXFileReference; lastKnownFileType = file.storyboard; name = Base; path = Base.lproj/Main.storyboard; sourceTree = "<group>"; };
		65FB99C726D5B63E00A9F670 /* Assets.xcassets */ = {isa = PBXFileReference; lastKnownFileType = folder.assetcatalog; path = Assets.xcassets; sourceTree = "<group>"; };
		65FB99CA26D5B63E00A9F670 /* Base */ = {isa = PBXFileReference; lastKnownFileType = file.storyboard; name = Base; path = Base.lproj/LaunchScreen.storyboard; sourceTree = "<group>"; };
		65FB99CC26D5B63E00A9F670 /* Info.plist */ = {isa = PBXFileReference; lastKnownFileType = text.plist.xml; path = Info.plist; sourceTree = "<group>"; };
/* End PBXFileReference section */

/* Begin PBXFrameworksBuildPhase section */
		65FB99B826D5B63B00A9F670 /* Frameworks */ = {
			isa = PBXFrameworksBuildPhase;
			buildActionMask = 2147483647;
			files = (
			);
			runOnlyForDeploymentPostprocessing = 0;
		};
/* End PBXFrameworksBuildPhase section */

/* Begin PBXGroup section */
		1357495B26D733E6009E6233 /* Search */ = {
			isa = PBXGroup;
			children = (
				1357495C26D73415009E6233 /* Search.storyboard */,
				1357495E26D73444009E6233 /* SearchVC.swift */,
			);
			path = Search;
			sourceTree = "<group>";
		};
		627EF21026D6FCA30053B7F1 /* Fonts */ = {
			isa = PBXGroup;
			children = (
				627EF21126D6FCA30053B7F1 /* SF-Pro-Text-UltralightItalic.otf */,
				627EF21226D6FCA30053B7F1 /* SF-Pro-Text-Heavy.otf */,
				627EF21326D6FCA30053B7F1 /* SF-Pro-Text-MediumItalic.otf */,
				627EF21426D6FCA30053B7F1 /* SF-Pro-Text-Light.otf */,
				627EF21526D6FCA30053B7F1 /* SF-Pro-Text-BlackItalic.otf */,
				627EF21626D6FCA30053B7F1 /* SF-Pro-Text-Black.otf */,
				627EF21726D6FCA30053B7F1 /* SF-Pro-Text-Regular.otf */,
				627EF21826D6FCA30053B7F1 /* SF-Pro-Text-Ultralight.otf */,
				627EF21926D6FCA30053B7F1 /* SF-Pro-Text-Bold.otf */,
				627EF21A26D6FCA30053B7F1 /* SF-Pro-Text-Thin.otf */,
				627EF21B26D6FCA30053B7F1 /* SF-Pro-Text-ThinItalic.otf */,
				627EF21C26D6FCA30053B7F1 /* SF-Pro-Text-BoldItalic.otf */,
				627EF21D26D6FCA30053B7F1 /* SF-Pro-Text-RegularItalic.otf */,
				627EF21E26D6FCA30053B7F1 /* SF-Pro-Text-Semibold.otf */,
				627EF21F26D6FCA30053B7F1 /* SF-Pro-Text-HeavyItalic.otf */,
				627EF22026D6FCA30053B7F1 /* SF-Pro-Text-LightItalic.otf */,
				627EF22126D6FCA30053B7F1 /* SF-Pro-Text-Medium.otf */,
				627EF22226D6FCA30053B7F1 /* SF-Pro-Text-SemiboldItalic.otf */,
			);
			path = Fonts;
			sourceTree = "<group>";
		};
		627EF23526D6FCF50053B7F1 /* Login */ = {
			isa = PBXGroup;
			children = (
				627EF23626D6FCF50053B7F1 /* LoginVC.swift */,
				627EF23726D6FCF50053B7F1 /* Login.storyboard */,
			);
			path = Login;
			sourceTree = "<group>";
		};
		627EF23A26D6FD080053B7F1 /* Profile */ = {
			isa = PBXGroup;
			children = (
				627EF23B26D6FD080053B7F1 /* Profile.storyboard */,
				627EF23C26D6FD080053B7F1 /* ProfileViewController.swift */,
			);
			path = Profile;
			sourceTree = "<group>";
		};
		627EF23F26D6FD210053B7F1 /* SignIn */ = {
			isa = PBXGroup;
			children = (
				627EF24026D6FD210053B7F1 /* SignIn.storyboard */,
				627EF24126D6FD210053B7F1 /* SignInViewController.swift */,
			);
			path = SignIn;
			sourceTree = "<group>";
		};
		627EF24426D6FD380053B7F1 /* Utils */ = {
			isa = PBXGroup;
			children = (
				627EF24526D6FD380053B7F1 /* UIButton+Gradient.swift */,
				627EF24626D6FD380053B7F1 /* ColorsGradient.swift */,
				13E16C3726D739D60054C017 /* NavigationBarGradient.swift */,
			);
			path = Utils;
			sourceTree = "<group>";
		};
		65B6E09726D6C29000A54D6C /* ResetPassword */ = {
			isa = PBXGroup;
			children = (
				65B6E09826D6C2B700A54D6C /* ResetPassword.storyboard */,
				65B6E09A26D6C2EF00A54D6C /* ResetPasswordViewController.swift */,
			);
			path = ResetPassword;
			sourceTree = "<group>";
		};
		65FB99B226D5B63B00A9F670 = {
			isa = PBXGroup;
			children = (
				65FB99BD26D5B63B00A9F670 /* Explore-BR */,
				65FB99BC26D5B63B00A9F670 /* Products */,
			);
			sourceTree = "<group>";
		};
		65FB99BC26D5B63B00A9F670 /* Products */ = {
			isa = PBXGroup;
			children = (
				65FB99BB26D5B63B00A9F670 /* Explore-BR.app */,
			);
			name = Products;
			sourceTree = "<group>";
		};
		65FB99BD26D5B63B00A9F670 /* Explore-BR */ = {
			isa = PBXGroup;
			children = (
				627EF23F26D6FD210053B7F1 /* SignIn */,
				65B6E09726D6C29000A54D6C /* ResetPassword */,
				1357495B26D733E6009E6233 /* Search */,
				627EF23526D6FCF50053B7F1 /* Login */,
				627EF23A26D6FD080053B7F1 /* Profile */,
				627EF21026D6FCA30053B7F1 /* Fonts */,
				627EF24426D6FD380053B7F1 /* Utils */,
				65FB99CC26D5B63E00A9F670 /* Info.plist */,
				65FB99BE26D5B63B00A9F670 /* AppDelegate.swift */,
				65FB99C026D5B63B00A9F670 /* SceneDelegate.swift */,
				65FB99C226D5B63B00A9F670 /* ViewController.swift */,
				65FB99C426D5B63B00A9F670 /* Main.storyboard */,
				65FB99C926D5B63E00A9F670 /* LaunchScreen.storyboard */,
				65FB99C726D5B63E00A9F670 /* Assets.xcassets */,
			);
			path = "Explore-BR";
			sourceTree = "<group>";
		};
/* End PBXGroup section */

/* Begin PBXNativeTarget section */
		65FB99BA26D5B63B00A9F670 /* Explore-BR */ = {
			isa = PBXNativeTarget;
			buildConfigurationList = 65FB99CF26D5B63E00A9F670 /* Build configuration list for PBXNativeTarget "Explore-BR" */;
			buildPhases = (
				65FB99B726D5B63B00A9F670 /* Sources */,
				65FB99B826D5B63B00A9F670 /* Frameworks */,
				65FB99B926D5B63B00A9F670 /* Resources */,
			);
			buildRules = (
			);
			dependencies = (
			);
			name = "Explore-BR";
			productName = "Explore-BR";
			productReference = 65FB99BB26D5B63B00A9F670 /* Explore-BR.app */;
			productType = "com.apple.product-type.application";
		};
/* End PBXNativeTarget section */

/* Begin PBXProject section */
		65FB99B326D5B63B00A9F670 /* Project object */ = {
			isa = PBXProject;
			attributes = {
				LastSwiftUpdateCheck = 1250;
				LastUpgradeCheck = 1250;
				TargetAttributes = {
					65FB99BA26D5B63B00A9F670 = {
						CreatedOnToolsVersion = 12.5.1;
					};
				};
			};
			buildConfigurationList = 65FB99B626D5B63B00A9F670 /* Build configuration list for PBXProject "Explore-BR" */;
			compatibilityVersion = "Xcode 9.3";
			developmentRegion = en;
			hasScannedForEncodings = 0;
			knownRegions = (
				en,
				Base,
			);
			mainGroup = 65FB99B226D5B63B00A9F670;
			productRefGroup = 65FB99BC26D5B63B00A9F670 /* Products */;
			projectDirPath = "";
			projectRoot = "";
			targets = (
				65FB99BA26D5B63B00A9F670 /* Explore-BR */,
			);
		};
/* End PBXProject section */

/* Begin PBXResourcesBuildPhase section */
		65FB99B926D5B63B00A9F670 /* Resources */ = {
			isa = PBXResourcesBuildPhase;
			buildActionMask = 2147483647;
			files = (
				627EF22926D6FCA30053B7F1 /* SF-Pro-Text-Regular.otf in Resources */,
				65FB99CB26D5B63E00A9F670 /* LaunchScreen.storyboard in Resources */,
				627EF22526D6FCA30053B7F1 /* SF-Pro-Text-MediumItalic.otf in Resources */,
				627EF22626D6FCA30053B7F1 /* SF-Pro-Text-Light.otf in Resources */,
				627EF22F26D6FCA30053B7F1 /* SF-Pro-Text-RegularItalic.otf in Resources */,
				627EF23326D6FCA30053B7F1 /* SF-Pro-Text-Medium.otf in Resources */,
				627EF22D26D6FCA30053B7F1 /* SF-Pro-Text-ThinItalic.otf in Resources */,
				627EF23026D6FCA30053B7F1 /* SF-Pro-Text-Semibold.otf in Resources */,
				627EF23426D6FCA30053B7F1 /* SF-Pro-Text-SemiboldItalic.otf in Resources */,
				627EF22426D6FCA30053B7F1 /* SF-Pro-Text-Heavy.otf in Resources */,
				65B6E09926D6C2B700A54D6C /* ResetPassword.storyboard in Resources */,
				627EF23126D6FCA30053B7F1 /* SF-Pro-Text-HeavyItalic.otf in Resources */,
				1357495D26D73415009E6233 /* Search.storyboard in Resources */,
				627EF23226D6FCA30053B7F1 /* SF-Pro-Text-LightItalic.otf in Resources */,
				627EF22326D6FCA30053B7F1 /* SF-Pro-Text-UltralightItalic.otf in Resources */,
				627EF22B26D6FCA30053B7F1 /* SF-Pro-Text-Bold.otf in Resources */,
				627EF22A26D6FCA30053B7F1 /* SF-Pro-Text-Ultralight.otf in Resources */,
				627EF24226D6FD210053B7F1 /* SignIn.storyboard in Resources */,
				627EF22726D6FCA30053B7F1 /* SF-Pro-Text-BlackItalic.otf in Resources */,
				65FB99C826D5B63E00A9F670 /* Assets.xcassets in Resources */,
				627EF23D26D6FD080053B7F1 /* Profile.storyboard in Resources */,
				65FB99C626D5B63B00A9F670 /* Main.storyboard in Resources */,
				627EF22C26D6FCA30053B7F1 /* SF-Pro-Text-Thin.otf in Resources */,
				627EF22E26D6FCA30053B7F1 /* SF-Pro-Text-BoldItalic.otf in Resources */,
				627EF23926D6FCF50053B7F1 /* Login.storyboard in Resources */,
				627EF22826D6FCA30053B7F1 /* SF-Pro-Text-Black.otf in Resources */,
			);
			runOnlyForDeploymentPostprocessing = 0;
		};
/* End PBXResourcesBuildPhase section */

/* Begin PBXSourcesBuildPhase section */
		65FB99B726D5B63B00A9F670 /* Sources */ = {
			isa = PBXSourcesBuildPhase;
			buildActionMask = 2147483647;
			files = (
				627EF24326D6FD210053B7F1 /* SignInViewController.swift in Sources */,
				13E16C3826D739D60054C017 /* NavigationBarGradient.swift in Sources */,
				627EF23E26D6FD080053B7F1 /* ProfileViewController.swift in Sources */,
				65FB99C326D5B63B00A9F670 /* ViewController.swift in Sources */,
				1357495F26D73444009E6233 /* SearchVC.swift in Sources */,
				65FB99BF26D5B63B00A9F670 /* AppDelegate.swift in Sources */,
				65FB99C126D5B63B00A9F670 /* SceneDelegate.swift in Sources */,
				627EF24826D6FD380053B7F1 /* ColorsGradient.swift in Sources */,
				627EF24726D6FD380053B7F1 /* UIButton+Gradient.swift in Sources */,
				65B6E09B26D6C2EF00A54D6C /* ResetPasswordViewController.swift in Sources */,
				627EF23826D6FCF50053B7F1 /* LoginVC.swift in Sources */,
			);
			runOnlyForDeploymentPostprocessing = 0;
		};
/* End PBXSourcesBuildPhase section */

/* Begin PBXVariantGroup section */
		65FB99C426D5B63B00A9F670 /* Main.storyboard */ = {
			isa = PBXVariantGroup;
			children = (
				65FB99C526D5B63B00A9F670 /* Base */,
			);
			name = Main.storyboard;
			sourceTree = "<group>";
		};
		65FB99C926D5B63E00A9F670 /* LaunchScreen.storyboard */ = {
			isa = PBXVariantGroup;
			children = (
				65FB99CA26D5B63E00A9F670 /* Base */,
			);
			name = LaunchScreen.storyboard;
			sourceTree = "<group>";
		};
/* End PBXVariantGroup section */

/* Begin XCBuildConfiguration section */
		65FB99CD26D5B63E00A9F670 /* Debug */ = {
			isa = XCBuildConfiguration;
			buildSettings = {
				ALWAYS_SEARCH_USER_PATHS = NO;
				CLANG_ANALYZER_NONNULL = YES;
				CLANG_ANALYZER_NUMBER_OBJECT_CONVERSION = YES_AGGRESSIVE;
				CLANG_CXX_LANGUAGE_STANDARD = "gnu++14";
				CLANG_CXX_LIBRARY = "libc++";
				CLANG_ENABLE_MODULES = YES;
				CLANG_ENABLE_OBJC_ARC = YES;
				CLANG_ENABLE_OBJC_WEAK = YES;
				CLANG_WARN_BLOCK_CAPTURE_AUTORELEASING = YES;
				CLANG_WARN_BOOL_CONVERSION = YES;
				CLANG_WARN_COMMA = YES;
				CLANG_WARN_CONSTANT_CONVERSION = YES;
				CLANG_WARN_DEPRECATED_OBJC_IMPLEMENTATIONS = YES;
				CLANG_WARN_DIRECT_OBJC_ISA_USAGE = YES_ERROR;
				CLANG_WARN_DOCUMENTATION_COMMENTS = YES;
				CLANG_WARN_EMPTY_BODY = YES;
				CLANG_WARN_ENUM_CONVERSION = YES;
				CLANG_WARN_INFINITE_RECURSION = YES;
				CLANG_WARN_INT_CONVERSION = YES;
				CLANG_WARN_NON_LITERAL_NULL_CONVERSION = YES;
				CLANG_WARN_OBJC_IMPLICIT_RETAIN_SELF = YES;
				CLANG_WARN_OBJC_LITERAL_CONVERSION = YES;
				CLANG_WARN_OBJC_ROOT_CLASS = YES_ERROR;
				CLANG_WARN_QUOTED_INCLUDE_IN_FRAMEWORK_HEADER = YES;
				CLANG_WARN_RANGE_LOOP_ANALYSIS = YES;
				CLANG_WARN_STRICT_PROTOTYPES = YES;
				CLANG_WARN_SUSPICIOUS_MOVE = YES;
				CLANG_WARN_UNGUARDED_AVAILABILITY = YES_AGGRESSIVE;
				CLANG_WARN_UNREACHABLE_CODE = YES;
				CLANG_WARN__DUPLICATE_METHOD_MATCH = YES;
				COPY_PHASE_STRIP = NO;
				DEBUG_INFORMATION_FORMAT = dwarf;
				ENABLE_STRICT_OBJC_MSGSEND = YES;
				ENABLE_TESTABILITY = YES;
				GCC_C_LANGUAGE_STANDARD = gnu11;
				GCC_DYNAMIC_NO_PIC = NO;
				GCC_NO_COMMON_BLOCKS = YES;
				GCC_OPTIMIZATION_LEVEL = 0;
				GCC_PREPROCESSOR_DEFINITIONS = (
					"DEBUG=1",
					"$(inherited)",
				);
				GCC_WARN_64_TO_32_BIT_CONVERSION = YES;
				GCC_WARN_ABOUT_RETURN_TYPE = YES_ERROR;
				GCC_WARN_UNDECLARED_SELECTOR = YES;
				GCC_WARN_UNINITIALIZED_AUTOS = YES_AGGRESSIVE;
				GCC_WARN_UNUSED_FUNCTION = YES;
				GCC_WARN_UNUSED_VARIABLE = YES;
				IPHONEOS_DEPLOYMENT_TARGET = 14.5;
				MTL_ENABLE_DEBUG_INFO = INCLUDE_SOURCE;
				MTL_FAST_MATH = YES;
				ONLY_ACTIVE_ARCH = YES;
				SDKROOT = iphoneos;
				SWIFT_ACTIVE_COMPILATION_CONDITIONS = DEBUG;
				SWIFT_OPTIMIZATION_LEVEL = "-Onone";
			};
			name = Debug;
		};
		65FB99CE26D5B63E00A9F670 /* Release */ = {
			isa = XCBuildConfiguration;
			buildSettings = {
				ALWAYS_SEARCH_USER_PATHS = NO;
				CLANG_ANALYZER_NONNULL = YES;
				CLANG_ANALYZER_NUMBER_OBJECT_CONVERSION = YES_AGGRESSIVE;
				CLANG_CXX_LANGUAGE_STANDARD = "gnu++14";
				CLANG_CXX_LIBRARY = "libc++";
				CLANG_ENABLE_MODULES = YES;
				CLANG_ENABLE_OBJC_ARC = YES;
				CLANG_ENABLE_OBJC_WEAK = YES;
				CLANG_WARN_BLOCK_CAPTURE_AUTORELEASING = YES;
				CLANG_WARN_BOOL_CONVERSION = YES;
				CLANG_WARN_COMMA = YES;
				CLANG_WARN_CONSTANT_CONVERSION = YES;
				CLANG_WARN_DEPRECATED_OBJC_IMPLEMENTATIONS = YES;
				CLANG_WARN_DIRECT_OBJC_ISA_USAGE = YES_ERROR;
				CLANG_WARN_DOCUMENTATION_COMMENTS = YES;
				CLANG_WARN_EMPTY_BODY = YES;
				CLANG_WARN_ENUM_CONVERSION = YES;
				CLANG_WARN_INFINITE_RECURSION = YES;
				CLANG_WARN_INT_CONVERSION = YES;
				CLANG_WARN_NON_LITERAL_NULL_CONVERSION = YES;
				CLANG_WARN_OBJC_IMPLICIT_RETAIN_SELF = YES;
				CLANG_WARN_OBJC_LITERAL_CONVERSION = YES;
				CLANG_WARN_OBJC_ROOT_CLASS = YES_ERROR;
				CLANG_WARN_QUOTED_INCLUDE_IN_FRAMEWORK_HEADER = YES;
				CLANG_WARN_RANGE_LOOP_ANALYSIS = YES;
				CLANG_WARN_STRICT_PROTOTYPES = YES;
				CLANG_WARN_SUSPICIOUS_MOVE = YES;
				CLANG_WARN_UNGUARDED_AVAILABILITY = YES_AGGRESSIVE;
				CLANG_WARN_UNREACHABLE_CODE = YES;
				CLANG_WARN__DUPLICATE_METHOD_MATCH = YES;
				COPY_PHASE_STRIP = NO;
				DEBUG_INFORMATION_FORMAT = "dwarf-with-dsym";
				ENABLE_NS_ASSERTIONS = NO;
				ENABLE_STRICT_OBJC_MSGSEND = YES;
				GCC_C_LANGUAGE_STANDARD = gnu11;
				GCC_NO_COMMON_BLOCKS = YES;
				GCC_WARN_64_TO_32_BIT_CONVERSION = YES;
				GCC_WARN_ABOUT_RETURN_TYPE = YES_ERROR;
				GCC_WARN_UNDECLARED_SELECTOR = YES;
				GCC_WARN_UNINITIALIZED_AUTOS = YES_AGGRESSIVE;
				GCC_WARN_UNUSED_FUNCTION = YES;
				GCC_WARN_UNUSED_VARIABLE = YES;
				IPHONEOS_DEPLOYMENT_TARGET = 14.5;
				MTL_ENABLE_DEBUG_INFO = NO;
				MTL_FAST_MATH = YES;
				SDKROOT = iphoneos;
				SWIFT_COMPILATION_MODE = wholemodule;
				SWIFT_OPTIMIZATION_LEVEL = "-O";
				VALIDATE_PRODUCT = YES;
			};
			name = Release;
		};
		65FB99D026D5B63E00A9F670 /* Debug */ = {
			isa = XCBuildConfiguration;
			buildSettings = {
				ASSETCATALOG_COMPILER_APPICON_NAME = AppIcon;
				ASSETCATALOG_COMPILER_GLOBAL_ACCENT_COLOR_NAME = AccentColor;
				CODE_SIGN_STYLE = Automatic;
				INFOPLIST_FILE = "Explore-BR/Info.plist";
				IPHONEOS_DEPLOYMENT_TARGET = 14.4;
				LD_RUNPATH_SEARCH_PATHS = (
					"$(inherited)",
					"@executable_path/Frameworks",
				);
				PRODUCT_BUNDLE_IDENTIFIER = "TurmaIOS.Explore-BR";
				PRODUCT_NAME = "$(TARGET_NAME)";
				SWIFT_VERSION = 5.0;
				TARGETED_DEVICE_FAMILY = "1,2";
			};
			name = Debug;
		};
		65FB99D126D5B63E00A9F670 /* Release */ = {
			isa = XCBuildConfiguration;
			buildSettings = {
				ASSETCATALOG_COMPILER_APPICON_NAME = AppIcon;
				ASSETCATALOG_COMPILER_GLOBAL_ACCENT_COLOR_NAME = AccentColor;
				CODE_SIGN_STYLE = Automatic;
				INFOPLIST_FILE = "Explore-BR/Info.plist";
				IPHONEOS_DEPLOYMENT_TARGET = 14.4;
				LD_RUNPATH_SEARCH_PATHS = (
					"$(inherited)",
					"@executable_path/Frameworks",
				);
				PRODUCT_BUNDLE_IDENTIFIER = "TurmaIOS.Explore-BR";
				PRODUCT_NAME = "$(TARGET_NAME)";
				SWIFT_VERSION = 5.0;
				TARGETED_DEVICE_FAMILY = "1,2";
			};
			name = Release;
		};
/* End XCBuildConfiguration section */

/* Begin XCConfigurationList section */
		65FB99B626D5B63B00A9F670 /* Build configuration list for PBXProject "Explore-BR" */ = {
			isa = XCConfigurationList;
			buildConfigurations = (
				65FB99CD26D5B63E00A9F670 /* Debug */,
				65FB99CE26D5B63E00A9F670 /* Release */,
			);
			defaultConfigurationIsVisible = 0;
			defaultConfigurationName = Release;
		};
		65FB99CF26D5B63E00A9F670 /* Build configuration list for PBXNativeTarget "Explore-BR" */ = {
			isa = XCConfigurationList;
			buildConfigurations = (
				65FB99D026D5B63E00A9F670 /* Debug */,
				65FB99D126D5B63E00A9F670 /* Release */,
			);
			defaultConfigurationIsVisible = 0;
			defaultConfigurationName = Release;
		};
/* End XCConfigurationList section */
	};
	rootObject = 65FB99B326D5B63B00A9F670 /* Project object */;
}
