// !$*UTF8*$!
{
	archiveVersion = 1;
	classes = {
	};
	objectVersion = 51;
	objects = {

/* Begin PBXBuildFile section */
		0496A00D26D8534A005CA626 /* UIView+Gradient.swift in Sources */ = {isa = PBXBuildFile; fileRef = 0496A00C26D8534A005CA626 /* UIView+Gradient.swift */; };
		0496A01426D85379005CA626 /* FrameModalMenu.xib in Resources */ = {isa = PBXBuildFile; fileRef = 0496A00F26D85379005CA626 /* FrameModalMenu.xib */; };
		0496A01526D85379005CA626 /* FrameModalMenu.swift in Sources */ = {isa = PBXBuildFile; fileRef = 0496A01026D85379005CA626 /* FrameModalMenu.swift */; };
		0496A01626D85379005CA626 /* Home.storyboard in Resources */ = {isa = PBXBuildFile; fileRef = 0496A01126D85379005CA626 /* Home.storyboard */; };
		0496A01726D85379005CA626 /* ModalPresentationController.swift in Sources */ = {isa = PBXBuildFile; fileRef = 0496A01226D85379005CA626 /* ModalPresentationController.swift */; };
		0496A01826D85379005CA626 /* HomeVC.swift in Sources */ = {isa = PBXBuildFile; fileRef = 0496A01326D85379005CA626 /* HomeVC.swift */; };
		0496A01C26D863E4005CA626 /* ChangePasswordViewController.swift in Sources */ = {isa = PBXBuildFile; fileRef = 0496A01A26D863E4005CA626 /* ChangePasswordViewController.swift */; };
		0496A01D26D863E4005CA626 /* ChangePassword.storyboard in Resources */ = {isa = PBXBuildFile; fileRef = 0496A01B26D863E4005CA626 /* ChangePassword.storyboard */; };
		0496A01F26D863F8005CA626 /* TextFieldIconAndImage.swift in Sources */ = {isa = PBXBuildFile; fileRef = 0496A01E26D863F8005CA626 /* TextFieldIconAndImage.swift */; };
		1357495D26D73415009E6233 /* Search.storyboard in Resources */ = {isa = PBXBuildFile; fileRef = 1357495C26D73415009E6233 /* Search.storyboard */; };
		1357495F26D73444009E6233 /* SearchVC.swift in Sources */ = {isa = PBXBuildFile; fileRef = 1357495E26D73444009E6233 /* SearchVC.swift */; };
		137C7A4526DC502D001B3CE1 /* NewEventViewController.swift in Sources */ = {isa = PBXBuildFile; fileRef = 137C7A4426DC502D001B3CE1 /* NewEventViewController.swift */; };
		137C7A4826DC5069001B3CE1 /* NewEvent.storyboard in Resources */ = {isa = PBXBuildFile; fileRef = 137C7A4726DC5069001B3CE1 /* NewEvent.storyboard */; };
		13E16C3826D739D60054C017 /* NavigationBarGradient.swift in Sources */ = {isa = PBXBuildFile; fileRef = 13E16C3726D739D60054C017 /* NavigationBarGradient.swift */; };
		303B21A837FF3C1B85BCE69C /* Pods_Explore_BR.framework in Frameworks */ = {isa = PBXBuildFile; fileRef = 0080C46BEAC5D534867E8E2E /* Pods_Explore_BR.framework */; };
		3A58727B26FB6F4100ECED4A /* BestReviewsTableViewCell.swift in Sources */ = {isa = PBXBuildFile; fileRef = 3A58727226FB6F4100ECED4A /* BestReviewsTableViewCell.swift */; };
		3A58727C26FB6F4100ECED4A /* BestReviewsTableViewCell.xib in Resources */ = {isa = PBXBuildFile; fileRef = 3A58727326FB6F4100ECED4A /* BestReviewsTableViewCell.xib */; };
		3A58727D26FB6F4100ECED4A /* CardCollectionViewCell.xib in Resources */ = {isa = PBXBuildFile; fileRef = 3A58727526FB6F4100ECED4A /* CardCollectionViewCell.xib */; };
		3A58727E26FB6F4100ECED4A /* CardCollectionViewCell.swift in Sources */ = {isa = PBXBuildFile; fileRef = 3A58727626FB6F4100ECED4A /* CardCollectionViewCell.swift */; };
		3A58727F26FB6F4100ECED4A /* BestReviewsViewController.swift in Sources */ = {isa = PBXBuildFile; fileRef = 3A58727726FB6F4100ECED4A /* BestReviewsViewController.swift */; };
		3A58728026FB6F4100ECED4A /* BestReview.swift in Sources */ = {isa = PBXBuildFile; fileRef = 3A58727926FB6F4100ECED4A /* BestReview.swift */; };
		3A58728126FB6F4100ECED4A /* MenuView.swift in Sources */ = {isa = PBXBuildFile; fileRef = 3A58727A26FB6F4100ECED4A /* MenuView.swift */; };
		3A58728726FB6F8600ECED4A /* PlacesCollectionViewCell.swift in Sources */ = {isa = PBXBuildFile; fileRef = 3A58728326FB6F8600ECED4A /* PlacesCollectionViewCell.swift */; };
		3A58728826FB6F8600ECED4A /* PlacesCollectionViewCell.xib in Resources */ = {isa = PBXBuildFile; fileRef = 3A58728426FB6F8600ECED4A /* PlacesCollectionViewCell.xib */; };
		3A58728926FB6F8600ECED4A /* Place.swift in Sources */ = {isa = PBXBuildFile; fileRef = 3A58728626FB6F8600ECED4A /* Place.swift */; };
		627EF22326D6FCA30053B7F1 /* SF-Pro-Text-UltralightItalic.otf in Resources */ = {isa = PBXBuildFile; fileRef = 627EF21126D6FCA30053B7F1 /* SF-Pro-Text-UltralightItalic.otf */; };
		627EF22426D6FCA30053B7F1 /* SF-Pro-Text-Heavy.otf in Resources */ = {isa = PBXBuildFile; fileRef = 627EF21226D6FCA30053B7F1 /* SF-Pro-Text-Heavy.otf */; };
		627EF22526D6FCA30053B7F1 /* SF-Pro-Text-MediumItalic.otf in Resources */ = {isa = PBXBuildFile; fileRef = 627EF21326D6FCA30053B7F1 /* SF-Pro-Text-MediumItalic.otf */; };
		627EF22626D6FCA30053B7F1 /* SF-Pro-Text-Light.otf in Resources */ = {isa = PBXBuildFile; fileRef = 627EF21426D6FCA30053B7F1 /* SF-Pro-Text-Light.otf */; };
		627EF22726D6FCA30053B7F1 /* SF-Pro-Text-BlackItalic.otf in Resources */ = {isa = PBXBuildFile; fileRef = 627EF21526D6FCA30053B7F1 /* SF-Pro-Text-BlackItalic.otf */; };
		627EF22826D6FCA30053B7F1 /* SF-Pro-Text-Black.otf in Resources */ = {isa = PBXBuildFile; fileRef = 627EF21626D6FCA30053B7F1 /* SF-Pro-Text-Black.otf */; };
		627EF22926D6FCA30053B7F1 /* SF-Pro-Text-Regular.otf in Resources */ = {isa = PBXBuildFile; fileRef = 627EF21726D6FCA30053B7F1 /* SF-Pro-Text-Regular.otf */; };
		627EF22A26D6FCA30053B7F1 /* SF-Pro-Text-Ultralight.otf in Resources */ = {isa = PBXBuildFile; fileRef = 627EF21826D6FCA30053B7F1 /* SF-Pro-Text-Ultralight.otf */; };
		627EF22B26D6FCA30053B7F1 /* SF-Pro-Text-Bold.otf in Resources */ = {isa = PBXBuildFile; fileRef = 627EF21926D6FCA30053B7F1 /* SF-Pro-Text-Bold.otf */; };
		627EF22C26D6FCA30053B7F1 /* SF-Pro-Text-Thin.otf in Resources */ = {isa = PBXBuildFile; fileRef = 627EF21A26D6FCA30053B7F1 /* SF-Pro-Text-Thin.otf */; };
		627EF22D26D6FCA30053B7F1 /* SF-Pro-Text-ThinItalic.otf in Resources */ = {isa = PBXBuildFile; fileRef = 627EF21B26D6FCA30053B7F1 /* SF-Pro-Text-ThinItalic.otf */; };
		627EF22E26D6FCA30053B7F1 /* SF-Pro-Text-BoldItalic.otf in Resources */ = {isa = PBXBuildFile; fileRef = 627EF21C26D6FCA30053B7F1 /* SF-Pro-Text-BoldItalic.otf */; };
		627EF22F26D6FCA30053B7F1 /* SF-Pro-Text-RegularItalic.otf in Resources */ = {isa = PBXBuildFile; fileRef = 627EF21D26D6FCA30053B7F1 /* SF-Pro-Text-RegularItalic.otf */; };
		627EF23026D6FCA30053B7F1 /* SF-Pro-Text-Semibold.otf in Resources */ = {isa = PBXBuildFile; fileRef = 627EF21E26D6FCA30053B7F1 /* SF-Pro-Text-Semibold.otf */; };
		627EF23126D6FCA30053B7F1 /* SF-Pro-Text-HeavyItalic.otf in Resources */ = {isa = PBXBuildFile; fileRef = 627EF21F26D6FCA30053B7F1 /* SF-Pro-Text-HeavyItalic.otf */; };
		627EF23226D6FCA30053B7F1 /* SF-Pro-Text-LightItalic.otf in Resources */ = {isa = PBXBuildFile; fileRef = 627EF22026D6FCA30053B7F1 /* SF-Pro-Text-LightItalic.otf */; };
		627EF23326D6FCA30053B7F1 /* SF-Pro-Text-Medium.otf in Resources */ = {isa = PBXBuildFile; fileRef = 627EF22126D6FCA30053B7F1 /* SF-Pro-Text-Medium.otf */; };
		627EF23426D6FCA30053B7F1 /* SF-Pro-Text-SemiboldItalic.otf in Resources */ = {isa = PBXBuildFile; fileRef = 627EF22226D6FCA30053B7F1 /* SF-Pro-Text-SemiboldItalic.otf */; };
		627EF23826D6FCF50053B7F1 /* LoginVC.swift in Sources */ = {isa = PBXBuildFile; fileRef = 627EF23626D6FCF50053B7F1 /* LoginVC.swift */; };
		627EF23926D6FCF50053B7F1 /* Login.storyboard in Resources */ = {isa = PBXBuildFile; fileRef = 627EF23726D6FCF50053B7F1 /* Login.storyboard */; };
		627EF23D26D6FD080053B7F1 /* Profile.storyboard in Resources */ = {isa = PBXBuildFile; fileRef = 627EF23B26D6FD080053B7F1 /* Profile.storyboard */; };
		627EF23E26D6FD080053B7F1 /* ProfileViewController.swift in Sources */ = {isa = PBXBuildFile; fileRef = 627EF23C26D6FD080053B7F1 /* ProfileViewController.swift */; };
		627EF24226D6FD210053B7F1 /* SignIn.storyboard in Resources */ = {isa = PBXBuildFile; fileRef = 627EF24026D6FD210053B7F1 /* SignIn.storyboard */; };
		627EF24326D6FD210053B7F1 /* SignInViewController.swift in Sources */ = {isa = PBXBuildFile; fileRef = 627EF24126D6FD210053B7F1 /* SignInViewController.swift */; };
		627EF24726D6FD380053B7F1 /* UIButton+Gradient.swift in Sources */ = {isa = PBXBuildFile; fileRef = 627EF24526D6FD380053B7F1 /* UIButton+Gradient.swift */; };
		627EF24826D6FD380053B7F1 /* ColorsGradient.swift in Sources */ = {isa = PBXBuildFile; fileRef = 627EF24626D6FD380053B7F1 /* ColorsGradient.swift */; };
		629334FC26FBB2BB00E12B50 /* Alert.swift in Sources */ = {isa = PBXBuildFile; fileRef = 629334FB26FBB2BB00E12B50 /* Alert.swift */; };
		6293350426FBE65B00E12B50 /* User.swift in Sources */ = {isa = PBXBuildFile; fileRef = 6293350326FBE65B00E12B50 /* User.swift */; };
		650B5A4726F6723E00CEB4E2 /* TextField+Animation.swift in Sources */ = {isa = PBXBuildFile; fileRef = 650B5A4626F6723E00CEB4E2 /* TextField+Animation.swift */; };
		6525095926FD21040080B792 /* SearchTableViewCell.swift in Sources */ = {isa = PBXBuildFile; fileRef = 6525095726FD21040080B792 /* SearchTableViewCell.swift */; };
		6525095A26FD21040080B792 /* SearchTableViewCell.xib in Resources */ = {isa = PBXBuildFile; fileRef = 6525095826FD21040080B792 /* SearchTableViewCell.xib */; };
		65B6E09926D6C2B700A54D6C /* ResetPassword.storyboard in Resources */ = {isa = PBXBuildFile; fileRef = 65B6E09826D6C2B700A54D6C /* ResetPassword.storyboard */; };
		65B6E09B26D6C2EF00A54D6C /* ResetPasswordViewController.swift in Sources */ = {isa = PBXBuildFile; fileRef = 65B6E09A26D6C2EF00A54D6C /* ResetPasswordViewController.swift */; };
		65FB99BF26D5B63B00A9F670 /* AppDelegate.swift in Sources */ = {isa = PBXBuildFile; fileRef = 65FB99BE26D5B63B00A9F670 /* AppDelegate.swift */; };
		65FB99C126D5B63B00A9F670 /* SceneDelegate.swift in Sources */ = {isa = PBXBuildFile; fileRef = 65FB99C026D5B63B00A9F670 /* SceneDelegate.swift */; };
		65FB99C326D5B63B00A9F670 /* ViewController.swift in Sources */ = {isa = PBXBuildFile; fileRef = 65FB99C226D5B63B00A9F670 /* ViewController.swift */; };
		65FB99C626D5B63B00A9F670 /* Main.storyboard in Resources */ = {isa = PBXBuildFile; fileRef = 65FB99C426D5B63B00A9F670 /* Main.storyboard */; };
		65FB99C826D5B63E00A9F670 /* Assets.xcassets in Resources */ = {isa = PBXBuildFile; fileRef = 65FB99C726D5B63E00A9F670 /* Assets.xcassets */; };
		65FB99CB26D5B63E00A9F670 /* LaunchScreen.storyboard in Resources */ = {isa = PBXBuildFile; fileRef = 65FB99C926D5B63E00A9F670 /* LaunchScreen.storyboard */; };
		82DAFA8326D7F81100D40CF8 /* LocationDetailsViewController.swift in Sources */ = {isa = PBXBuildFile; fileRef = 82DAFA8126D7F81100D40CF8 /* LocationDetailsViewController.swift */; };
		82DAFA8426D7F81100D40CF8 /* LocationDetails.storyboard in Resources */ = {isa = PBXBuildFile; fileRef = 82DAFA8226D7F81100D40CF8 /* LocationDetails.storyboard */; };
		89B90C0526D888080078F617 /* EventsVC.swift in Sources */ = {isa = PBXBuildFile; fileRef = 89B90C0126D888070078F617 /* EventsVC.swift */; };
		89B90C0626D888080078F617 /* EventModalMenu.swift in Sources */ = {isa = PBXBuildFile; fileRef = 89B90C0226D888070078F617 /* EventModalMenu.swift */; };
		89B90C0726D888080078F617 /* EventMap.storyboard in Resources */ = {isa = PBXBuildFile; fileRef = 89B90C0326D888070078F617 /* EventMap.storyboard */; };
		89B90C0826D888080078F617 /* EventModalMenu.xib in Resources */ = {isa = PBXBuildFile; fileRef = 89B90C0426D888070078F617 /* EventModalMenu.xib */; };
		FE6980A926D804BB0011272E /* Register.storyboard in Resources */ = {isa = PBXBuildFile; fileRef = FE6980A826D804BB0011272E /* Register.storyboard */; };
		FE6980AB26D804D10011272E /* RegisterViewController.swift in Sources */ = {isa = PBXBuildFile; fileRef = FE6980AA26D804D10011272E /* RegisterViewController.swift */; };
/* End PBXBuildFile section */

/* Begin PBXFileReference section */
		0080C46BEAC5D534867E8E2E /* Pods_Explore_BR.framework */ = {isa = PBXFileReference; explicitFileType = wrapper.framework; includeInIndex = 0; path = Pods_Explore_BR.framework; sourceTree = BUILT_PRODUCTS_DIR; };
		0496A00C26D8534A005CA626 /* UIView+Gradient.swift */ = {isa = PBXFileReference; fileEncoding = 4; lastKnownFileType = sourcecode.swift; path = "UIView+Gradient.swift"; sourceTree = "<group>"; };
		0496A00F26D85379005CA626 /* FrameModalMenu.xib */ = {isa = PBXFileReference; fileEncoding = 4; lastKnownFileType = file.xib; path = FrameModalMenu.xib; sourceTree = "<group>"; };
		0496A01026D85379005CA626 /* FrameModalMenu.swift */ = {isa = PBXFileReference; fileEncoding = 4; lastKnownFileType = sourcecode.swift; path = FrameModalMenu.swift; sourceTree = "<group>"; };
		0496A01126D85379005CA626 /* Home.storyboard */ = {isa = PBXFileReference; fileEncoding = 4; lastKnownFileType = file.storyboard; path = Home.storyboard; sourceTree = "<group>"; };
		0496A01226D85379005CA626 /* ModalPresentationController.swift */ = {isa = PBXFileReference; fileEncoding = 4; lastKnownFileType = sourcecode.swift; path = ModalPresentationController.swift; sourceTree = "<group>"; };
		0496A01326D85379005CA626 /* HomeVC.swift */ = {isa = PBXFileReference; fileEncoding = 4; lastKnownFileType = sourcecode.swift; path = HomeVC.swift; sourceTree = "<group>"; };
		0496A01A26D863E4005CA626 /* ChangePasswordViewController.swift */ = {isa = PBXFileReference; fileEncoding = 4; lastKnownFileType = sourcecode.swift; path = ChangePasswordViewController.swift; sourceTree = "<group>"; };
		0496A01B26D863E4005CA626 /* ChangePassword.storyboard */ = {isa = PBXFileReference; fileEncoding = 4; lastKnownFileType = file.storyboard; path = ChangePassword.storyboard; sourceTree = "<group>"; };
		0496A01E26D863F8005CA626 /* TextFieldIconAndImage.swift */ = {isa = PBXFileReference; fileEncoding = 4; lastKnownFileType = sourcecode.swift; path = TextFieldIconAndImage.swift; sourceTree = "<group>"; };
		1357495C26D73415009E6233 /* Search.storyboard */ = {isa = PBXFileReference; lastKnownFileType = file.storyboard; path = Search.storyboard; sourceTree = "<group>"; };
		1357495E26D73444009E6233 /* SearchVC.swift */ = {isa = PBXFileReference; lastKnownFileType = sourcecode.swift; path = SearchVC.swift; sourceTree = "<group>"; };
		137C7A4426DC502D001B3CE1 /* NewEventViewController.swift */ = {isa = PBXFileReference; lastKnownFileType = sourcecode.swift; path = NewEventViewController.swift; sourceTree = "<group>"; };
		137C7A4726DC5069001B3CE1 /* NewEvent.storyboard */ = {isa = PBXFileReference; lastKnownFileType = file.storyboard; path = NewEvent.storyboard; sourceTree = "<group>"; };
		13E16C3726D739D60054C017 /* NavigationBarGradient.swift */ = {isa = PBXFileReference; lastKnownFileType = sourcecode.swift; path = NavigationBarGradient.swift; sourceTree = "<group>"; };
		1D11545F005CCCE01000D901 /* Pods-Explore-BR.debug.xcconfig */ = {isa = PBXFileReference; includeInIndex = 1; lastKnownFileType = text.xcconfig; name = "Pods-Explore-BR.debug.xcconfig"; path = "Target Support Files/Pods-Explore-BR/Pods-Explore-BR.debug.xcconfig"; sourceTree = "<group>"; };
		3A58727226FB6F4100ECED4A /* BestReviewsTableViewCell.swift */ = {isa = PBXFileReference; fileEncoding = 4; lastKnownFileType = sourcecode.swift; path = BestReviewsTableViewCell.swift; sourceTree = "<group>"; };
		3A58727326FB6F4100ECED4A /* BestReviewsTableViewCell.xib */ = {isa = PBXFileReference; fileEncoding = 4; lastKnownFileType = file.xib; path = BestReviewsTableViewCell.xib; sourceTree = "<group>"; };
		3A58727526FB6F4100ECED4A /* CardCollectionViewCell.xib */ = {isa = PBXFileReference; fileEncoding = 4; lastKnownFileType = file.xib; path = CardCollectionViewCell.xib; sourceTree = "<group>"; };
		3A58727626FB6F4100ECED4A /* CardCollectionViewCell.swift */ = {isa = PBXFileReference; fileEncoding = 4; lastKnownFileType = sourcecode.swift; path = CardCollectionViewCell.swift; sourceTree = "<group>"; };
		3A58727726FB6F4100ECED4A /* BestReviewsViewController.swift */ = {isa = PBXFileReference; fileEncoding = 4; lastKnownFileType = sourcecode.swift; path = BestReviewsViewController.swift; sourceTree = "<group>"; };
		3A58727926FB6F4100ECED4A /* BestReview.swift */ = {isa = PBXFileReference; fileEncoding = 4; lastKnownFileType = sourcecode.swift; path = BestReview.swift; sourceTree = "<group>"; };
		3A58727A26FB6F4100ECED4A /* MenuView.swift */ = {isa = PBXFileReference; fileEncoding = 4; lastKnownFileType = sourcecode.swift; path = MenuView.swift; sourceTree = "<group>"; };
		3A58728326FB6F8600ECED4A /* PlacesCollectionViewCell.swift */ = {isa = PBXFileReference; fileEncoding = 4; lastKnownFileType = sourcecode.swift; path = PlacesCollectionViewCell.swift; sourceTree = "<group>"; };
		3A58728426FB6F8600ECED4A /* PlacesCollectionViewCell.xib */ = {isa = PBXFileReference; fileEncoding = 4; lastKnownFileType = file.xib; path = PlacesCollectionViewCell.xib; sourceTree = "<group>"; };
		3A58728626FB6F8600ECED4A /* Place.swift */ = {isa = PBXFileReference; fileEncoding = 4; lastKnownFileType = sourcecode.swift; path = Place.swift; sourceTree = "<group>"; };
		627EF21126D6FCA30053B7F1 /* SF-Pro-Text-UltralightItalic.otf */ = {isa = PBXFileReference; lastKnownFileType = file; path = "SF-Pro-Text-UltralightItalic.otf"; sourceTree = "<group>"; };
		627EF21226D6FCA30053B7F1 /* SF-Pro-Text-Heavy.otf */ = {isa = PBXFileReference; lastKnownFileType = file; path = "SF-Pro-Text-Heavy.otf"; sourceTree = "<group>"; };
		627EF21326D6FCA30053B7F1 /* SF-Pro-Text-MediumItalic.otf */ = {isa = PBXFileReference; lastKnownFileType = file; path = "SF-Pro-Text-MediumItalic.otf"; sourceTree = "<group>"; };
		627EF21426D6FCA30053B7F1 /* SF-Pro-Text-Light.otf */ = {isa = PBXFileReference; lastKnownFileType = file; path = "SF-Pro-Text-Light.otf"; sourceTree = "<group>"; };
		627EF21526D6FCA30053B7F1 /* SF-Pro-Text-BlackItalic.otf */ = {isa = PBXFileReference; lastKnownFileType = file; path = "SF-Pro-Text-BlackItalic.otf"; sourceTree = "<group>"; };
		627EF21626D6FCA30053B7F1 /* SF-Pro-Text-Black.otf */ = {isa = PBXFileReference; lastKnownFileType = file; path = "SF-Pro-Text-Black.otf"; sourceTree = "<group>"; };
		627EF21726D6FCA30053B7F1 /* SF-Pro-Text-Regular.otf */ = {isa = PBXFileReference; lastKnownFileType = file; path = "SF-Pro-Text-Regular.otf"; sourceTree = "<group>"; };
		627EF21826D6FCA30053B7F1 /* SF-Pro-Text-Ultralight.otf */ = {isa = PBXFileReference; lastKnownFileType = file; path = "SF-Pro-Text-Ultralight.otf"; sourceTree = "<group>"; };
		627EF21926D6FCA30053B7F1 /* SF-Pro-Text-Bold.otf */ = {isa = PBXFileReference; lastKnownFileType = file; path = "SF-Pro-Text-Bold.otf"; sourceTree = "<group>"; };
		627EF21A26D6FCA30053B7F1 /* SF-Pro-Text-Thin.otf */ = {isa = PBXFileReference; lastKnownFileType = file; path = "SF-Pro-Text-Thin.otf"; sourceTree = "<group>"; };
		627EF21B26D6FCA30053B7F1 /* SF-Pro-Text-ThinItalic.otf */ = {isa = PBXFileReference; lastKnownFileType = file; path = "SF-Pro-Text-ThinItalic.otf"; sourceTree = "<group>"; };
		627EF21C26D6FCA30053B7F1 /* SF-Pro-Text-BoldItalic.otf */ = {isa = PBXFileReference; lastKnownFileType = file; path = "SF-Pro-Text-BoldItalic.otf"; sourceTree = "<group>"; };
		627EF21D26D6FCA30053B7F1 /* SF-Pro-Text-RegularItalic.otf */ = {isa = PBXFileReference; lastKnownFileType = file; path = "SF-Pro-Text-RegularItalic.otf"; sourceTree = "<group>"; };
		627EF21E26D6FCA30053B7F1 /* SF-Pro-Text-Semibold.otf */ = {isa = PBXFileReference; lastKnownFileType = file; path = "SF-Pro-Text-Semibold.otf"; sourceTree = "<group>"; };
		627EF21F26D6FCA30053B7F1 /* SF-Pro-Text-HeavyItalic.otf */ = {isa = PBXFileReference; lastKnownFileType = file; path = "SF-Pro-Text-HeavyItalic.otf"; sourceTree = "<group>"; };
		627EF22026D6FCA30053B7F1 /* SF-Pro-Text-LightItalic.otf */ = {isa = PBXFileReference; lastKnownFileType = file; path = "SF-Pro-Text-LightItalic.otf"; sourceTree = "<group>"; };
		627EF22126D6FCA30053B7F1 /* SF-Pro-Text-Medium.otf */ = {isa = PBXFileReference; lastKnownFileType = file; path = "SF-Pro-Text-Medium.otf"; sourceTree = "<group>"; };
		627EF22226D6FCA30053B7F1 /* SF-Pro-Text-SemiboldItalic.otf */ = {isa = PBXFileReference; lastKnownFileType = file; path = "SF-Pro-Text-SemiboldItalic.otf"; sourceTree = "<group>"; };
		627EF23626D6FCF50053B7F1 /* LoginVC.swift */ = {isa = PBXFileReference; fileEncoding = 4; lastKnownFileType = sourcecode.swift; path = LoginVC.swift; sourceTree = "<group>"; };
		627EF23726D6FCF50053B7F1 /* Login.storyboard */ = {isa = PBXFileReference; fileEncoding = 4; lastKnownFileType = file.storyboard; path = Login.storyboard; sourceTree = "<group>"; };
		627EF23B26D6FD080053B7F1 /* Profile.storyboard */ = {isa = PBXFileReference; fileEncoding = 4; lastKnownFileType = file.storyboard; path = Profile.storyboard; sourceTree = "<group>"; };
		627EF23C26D6FD080053B7F1 /* ProfileViewController.swift */ = {isa = PBXFileReference; fileEncoding = 4; lastKnownFileType = sourcecode.swift; path = ProfileViewController.swift; sourceTree = "<group>"; };
		627EF24026D6FD210053B7F1 /* SignIn.storyboard */ = {isa = PBXFileReference; fileEncoding = 4; lastKnownFileType = file.storyboard; path = SignIn.storyboard; sourceTree = "<group>"; };
		627EF24126D6FD210053B7F1 /* SignInViewController.swift */ = {isa = PBXFileReference; fileEncoding = 4; lastKnownFileType = sourcecode.swift; path = SignInViewController.swift; sourceTree = "<group>"; };
		627EF24526D6FD380053B7F1 /* UIButton+Gradient.swift */ = {isa = PBXFileReference; fileEncoding = 4; lastKnownFileType = sourcecode.swift; path = "UIButton+Gradient.swift"; sourceTree = "<group>"; };
		627EF24626D6FD380053B7F1 /* ColorsGradient.swift */ = {isa = PBXFileReference; fileEncoding = 4; lastKnownFileType = sourcecode.swift; path = ColorsGradient.swift; sourceTree = "<group>"; };
		629334FB26FBB2BB00E12B50 /* Alert.swift */ = {isa = PBXFileReference; lastKnownFileType = sourcecode.swift; path = Alert.swift; sourceTree = "<group>"; };
		6293350326FBE65B00E12B50 /* User.swift */ = {isa = PBXFileReference; lastKnownFileType = sourcecode.swift; path = User.swift; sourceTree = "<group>"; };
		650B5A4626F6723E00CEB4E2 /* TextField+Animation.swift */ = {isa = PBXFileReference; lastKnownFileType = sourcecode.swift; path = "TextField+Animation.swift"; sourceTree = "<group>"; };
		6525095726FD21040080B792 /* SearchTableViewCell.swift */ = {isa = PBXFileReference; lastKnownFileType = sourcecode.swift; path = SearchTableViewCell.swift; sourceTree = "<group>"; };
		6525095826FD21040080B792 /* SearchTableViewCell.xib */ = {isa = PBXFileReference; lastKnownFileType = file.xib; path = SearchTableViewCell.xib; sourceTree = "<group>"; };
		65B6E09826D6C2B700A54D6C /* ResetPassword.storyboard */ = {isa = PBXFileReference; lastKnownFileType = file.storyboard; path = ResetPassword.storyboard; sourceTree = "<group>"; };
		65B6E09A26D6C2EF00A54D6C /* ResetPasswordViewController.swift */ = {isa = PBXFileReference; lastKnownFileType = sourcecode.swift; path = ResetPasswordViewController.swift; sourceTree = "<group>"; };
		65FB99BB26D5B63B00A9F670 /* Explore-BR.app */ = {isa = PBXFileReference; explicitFileType = wrapper.application; includeInIndex = 0; path = "Explore-BR.app"; sourceTree = BUILT_PRODUCTS_DIR; };
		65FB99BE26D5B63B00A9F670 /* AppDelegate.swift */ = {isa = PBXFileReference; lastKnownFileType = sourcecode.swift; path = AppDelegate.swift; sourceTree = "<group>"; };
		65FB99C026D5B63B00A9F670 /* SceneDelegate.swift */ = {isa = PBXFileReference; lastKnownFileType = sourcecode.swift; path = SceneDelegate.swift; sourceTree = "<group>"; };
		65FB99C226D5B63B00A9F670 /* ViewController.swift */ = {isa = PBXFileReference; lastKnownFileType = sourcecode.swift; path = ViewController.swift; sourceTree = "<group>"; };
		65FB99C526D5B63B00A9F670 /* Base */ = {isa = PBXFileReference; lastKnownFileType = file.storyboard; name = Base; path = Base.lproj/Main.storyboard; sourceTree = "<group>"; };
		65FB99C726D5B63E00A9F670 /* Assets.xcassets */ = {isa = PBXFileReference; lastKnownFileType = folder.assetcatalog; path = Assets.xcassets; sourceTree = "<group>"; };
		65FB99CA26D5B63E00A9F670 /* Base */ = {isa = PBXFileReference; lastKnownFileType = file.storyboard; name = Base; path = Base.lproj/LaunchScreen.storyboard; sourceTree = "<group>"; };
		65FB99CC26D5B63E00A9F670 /* Info.plist */ = {isa = PBXFileReference; lastKnownFileType = text.plist.xml; path = Info.plist; sourceTree = "<group>"; };
		82DAFA8126D7F81100D40CF8 /* LocationDetailsViewController.swift */ = {isa = PBXFileReference; fileEncoding = 4; lastKnownFileType = sourcecode.swift; path = LocationDetailsViewController.swift; sourceTree = "<group>"; };
		82DAFA8226D7F81100D40CF8 /* LocationDetails.storyboard */ = {isa = PBXFileReference; fileEncoding = 4; lastKnownFileType = file.storyboard; path = LocationDetails.storyboard; sourceTree = "<group>"; };
		86986705019A7441BB86E5E5 /* Pods-Explore-BR.release.xcconfig */ = {isa = PBXFileReference; includeInIndex = 1; lastKnownFileType = text.xcconfig; name = "Pods-Explore-BR.release.xcconfig"; path = "Target Support Files/Pods-Explore-BR/Pods-Explore-BR.release.xcconfig"; sourceTree = "<group>"; };
		89B90C0126D888070078F617 /* EventsVC.swift */ = {isa = PBXFileReference; fileEncoding = 4; lastKnownFileType = sourcecode.swift; path = EventsVC.swift; sourceTree = "<group>"; };
		89B90C0226D888070078F617 /* EventModalMenu.swift */ = {isa = PBXFileReference; fileEncoding = 4; lastKnownFileType = sourcecode.swift; path = EventModalMenu.swift; sourceTree = "<group>"; };
		89B90C0326D888070078F617 /* EventMap.storyboard */ = {isa = PBXFileReference; fileEncoding = 4; lastKnownFileType = file.storyboard; path = EventMap.storyboard; sourceTree = "<group>"; };
		89B90C0426D888070078F617 /* EventModalMenu.xib */ = {isa = PBXFileReference; fileEncoding = 4; lastKnownFileType = file.xib; path = EventModalMenu.xib; sourceTree = "<group>"; };
		FE6980A826D804BB0011272E /* Register.storyboard */ = {isa = PBXFileReference; lastKnownFileType = file.storyboard; path = Register.storyboard; sourceTree = "<group>"; };
		FE6980AA26D804D10011272E /* RegisterViewController.swift */ = {isa = PBXFileReference; lastKnownFileType = sourcecode.swift; path = RegisterViewController.swift; sourceTree = "<group>"; };
/* End PBXFileReference section */

/* Begin PBXFrameworksBuildPhase section */
		65FB99B826D5B63B00A9F670 /* Frameworks */ = {
			isa = PBXFrameworksBuildPhase;
			buildActionMask = 2147483647;
			files = (
				303B21A837FF3C1B85BCE69C /* Pods_Explore_BR.framework in Frameworks */,
			);
			runOnlyForDeploymentPostprocessing = 0;
		};
/* End PBXFrameworksBuildPhase section */

/* Begin PBXGroup section */
		0496A00E26D85379005CA626 /* Home */ = {
			isa = PBXGroup;
			children = (
				3A58727026FB6F4100ECED4A /* BestReviews */,
				0496A00F26D85379005CA626 /* FrameModalMenu.xib */,
				0496A01026D85379005CA626 /* FrameModalMenu.swift */,
				0496A01126D85379005CA626 /* Home.storyboard */,
				0496A01226D85379005CA626 /* ModalPresentationController.swift */,
				0496A01326D85379005CA626 /* HomeVC.swift */,
			);
			path = Home;
			sourceTree = "<group>";
		};
		0496A01926D863E4005CA626 /* ChangePassword */ = {
			isa = PBXGroup;
			children = (
				0496A01A26D863E4005CA626 /* ChangePasswordViewController.swift */,
				0496A01B26D863E4005CA626 /* ChangePassword.storyboard */,
			);
			path = ChangePassword;
			sourceTree = "<group>";
		};
		1357495B26D733E6009E6233 /* Search */ = {
			isa = PBXGroup;
			children = (
				6525095626FD20B50080B792 /* TableViewCell */,
				3A58728226FB6F8600ECED4A /* CollectionViewCell */,
				3A58728526FB6F8600ECED4A /* ModelSearch */,
				1357495C26D73415009E6233 /* Search.storyboard */,
				1357495E26D73444009E6233 /* SearchVC.swift */,
			);
			path = Search;
			sourceTree = "<group>";
		};
		137C7A4326DC4FF5001B3CE1 /* NewEvent */ = {
			isa = PBXGroup;
			children = (
				137C7A4426DC502D001B3CE1 /* NewEventViewController.swift */,
				137C7A4726DC5069001B3CE1 /* NewEvent.storyboard */,
			);
			path = NewEvent;
			sourceTree = "<group>";
		};
		18478F75C99EF3582CA95ECB /* Frameworks */ = {
			isa = PBXGroup;
			children = (
				0080C46BEAC5D534867E8E2E /* Pods_Explore_BR.framework */,
			);
			name = Frameworks;
			sourceTree = "<group>";
		};
		3A58727026FB6F4100ECED4A /* BestReviews */ = {
			isa = PBXGroup;
			children = (
				3A58727126FB6F4100ECED4A /* BestReviewsTableViewCell */,
				3A58727426FB6F4100ECED4A /* CardCollectionViewCell */,
				3A58727726FB6F4100ECED4A /* BestReviewsViewController.swift */,
				3A58727826FB6F4100ECED4A /* Model */,
				3A58727A26FB6F4100ECED4A /* MenuView.swift */,
			);
			path = BestReviews;
			sourceTree = "<group>";
		};
		3A58727126FB6F4100ECED4A /* BestReviewsTableViewCell */ = {
			isa = PBXGroup;
			children = (
				3A58727226FB6F4100ECED4A /* BestReviewsTableViewCell.swift */,
				3A58727326FB6F4100ECED4A /* BestReviewsTableViewCell.xib */,
			);
			path = BestReviewsTableViewCell;
			sourceTree = "<group>";
		};
		3A58727426FB6F4100ECED4A /* CardCollectionViewCell */ = {
			isa = PBXGroup;
			children = (
				3A58727526FB6F4100ECED4A /* CardCollectionViewCell.xib */,
				3A58727626FB6F4100ECED4A /* CardCollectionViewCell.swift */,
			);
			path = CardCollectionViewCell;
			sourceTree = "<group>";
		};
		3A58727826FB6F4100ECED4A /* Model */ = {
			isa = PBXGroup;
			children = (
				3A58727926FB6F4100ECED4A /* BestReview.swift */,
			);
			path = Model;
			sourceTree = "<group>";
		};
		3A58728226FB6F8600ECED4A /* CollectionViewCell */ = {
			isa = PBXGroup;
			children = (
				3A58728326FB6F8600ECED4A /* PlacesCollectionViewCell.swift */,
				3A58728426FB6F8600ECED4A /* PlacesCollectionViewCell.xib */,
			);
			path = CollectionViewCell;
			sourceTree = "<group>";
		};
		3A58728526FB6F8600ECED4A /* ModelSearch */ = {
			isa = PBXGroup;
			children = (
				3A58728626FB6F8600ECED4A /* Place.swift */,
			);
			path = ModelSearch;
			sourceTree = "<group>";
		};
		627EF21026D6FCA30053B7F1 /* Fonts */ = {
			isa = PBXGroup;
			children = (
				627EF21126D6FCA30053B7F1 /* SF-Pro-Text-UltralightItalic.otf */,
				627EF21226D6FCA30053B7F1 /* SF-Pro-Text-Heavy.otf */,
				627EF21326D6FCA30053B7F1 /* SF-Pro-Text-MediumItalic.otf */,
				627EF21426D6FCA30053B7F1 /* SF-Pro-Text-Light.otf */,
				627EF21526D6FCA30053B7F1 /* SF-Pro-Text-BlackItalic.otf */,
				627EF21626D6FCA30053B7F1 /* SF-Pro-Text-Black.otf */,
				627EF21726D6FCA30053B7F1 /* SF-Pro-Text-Regular.otf */,
				627EF21826D6FCA30053B7F1 /* SF-Pro-Text-Ultralight.otf */,
				627EF21926D6FCA30053B7F1 /* SF-Pro-Text-Bold.otf */,
				627EF21A26D6FCA30053B7F1 /* SF-Pro-Text-Thin.otf */,
				627EF21B26D6FCA30053B7F1 /* SF-Pro-Text-ThinItalic.otf */,
				627EF21C26D6FCA30053B7F1 /* SF-Pro-Text-BoldItalic.otf */,
				627EF21D26D6FCA30053B7F1 /* SF-Pro-Text-RegularItalic.otf */,
				627EF21E26D6FCA30053B7F1 /* SF-Pro-Text-Semibold.otf */,
				627EF21F26D6FCA30053B7F1 /* SF-Pro-Text-HeavyItalic.otf */,
				627EF22026D6FCA30053B7F1 /* SF-Pro-Text-LightItalic.otf */,
				627EF22126D6FCA30053B7F1 /* SF-Pro-Text-Medium.otf */,
				627EF22226D6FCA30053B7F1 /* SF-Pro-Text-SemiboldItalic.otf */,
			);
			path = Fonts;
			sourceTree = "<group>";
		};
		627EF23526D6FCF50053B7F1 /* Login */ = {
			isa = PBXGroup;
			children = (
				627EF23626D6FCF50053B7F1 /* LoginVC.swift */,
				627EF23726D6FCF50053B7F1 /* Login.storyboard */,
			);
			path = Login;
			sourceTree = "<group>";
		};
		627EF23A26D6FD080053B7F1 /* Profile */ = {
			isa = PBXGroup;
			children = (
				627EF23B26D6FD080053B7F1 /* Profile.storyboard */,
				627EF23C26D6FD080053B7F1 /* ProfileViewController.swift */,
			);
			path = Profile;
			sourceTree = "<group>";
		};
		627EF23F26D6FD210053B7F1 /* SignIn */ = {
			isa = PBXGroup;
			children = (
				627EF24026D6FD210053B7F1 /* SignIn.storyboard */,
				627EF24126D6FD210053B7F1 /* SignInViewController.swift */,
			);
			path = SignIn;
			sourceTree = "<group>";
		};
		627EF24426D6FD380053B7F1 /* Utils */ = {
			isa = PBXGroup;
			children = (
				0496A01E26D863F8005CA626 /* TextFieldIconAndImage.swift */,
				0496A00C26D8534A005CA626 /* UIView+Gradient.swift */,
				627EF24526D6FD380053B7F1 /* UIButton+Gradient.swift */,
				627EF24626D6FD380053B7F1 /* ColorsGradient.swift */,
				13E16C3726D739D60054C017 /* NavigationBarGradient.swift */,
				650B5A4626F6723E00CEB4E2 /* TextField+Animation.swift */,
				629334FB26FBB2BB00E12B50 /* Alert.swift */,
			);
			path = Utils;
			sourceTree = "<group>";
		};
		6293350226FBE64E00E12B50 /* Model */ = {
			isa = PBXGroup;
			children = (
				6293350326FBE65B00E12B50 /* User.swift */,
			);
			path = Model;
			sourceTree = "<group>";
		};
		6293350526FBE6D900E12B50 /* Views */ = {
			isa = PBXGroup;
			children = (
				0496A01926D863E4005CA626 /* ChangePassword */,
				89B90C0026D888070078F617 /* EventMaps */,
				0496A00E26D85379005CA626 /* Home */,
				82DAFA8026D7F81000D40CF8 /* LocationDetails */,
				627EF23526D6FCF50053B7F1 /* Login */,
				137C7A4326DC4FF5001B3CE1 /* NewEvent */,
				627EF23A26D6FD080053B7F1 /* Profile */,
				FE6980A726D804A70011272E /* Register */,
				65B6E09726D6C29000A54D6C /* ResetPassword */,
				1357495B26D733E6009E6233 /* Search */,
				627EF23F26D6FD210053B7F1 /* SignIn */,
				65FB99C226D5B63B00A9F670 /* ViewController.swift */,
				65FB99C426D5B63B00A9F670 /* Main.storyboard */,
				65FB99C926D5B63E00A9F670 /* LaunchScreen.storyboard */,
			);
			path = Views;
			sourceTree = "<group>";
		};
		6525095626FD20B50080B792 /* TableViewCell */ = {
			isa = PBXGroup;
			children = (
				6525095726FD21040080B792 /* SearchTableViewCell.swift */,
				6525095826FD21040080B792 /* SearchTableViewCell.xib */,
			);
			path = TableViewCell;
			sourceTree = "<group>";
		};
		65B6E09726D6C29000A54D6C /* ResetPassword */ = {
			isa = PBXGroup;
			children = (
				65B6E09826D6C2B700A54D6C /* ResetPassword.storyboard */,
				65B6E09A26D6C2EF00A54D6C /* ResetPasswordViewController.swift */,
			);
			path = ResetPassword;
			sourceTree = "<group>";
		};
		65FB99B226D5B63B00A9F670 = {
			isa = PBXGroup;
			children = (
				65FB99BD26D5B63B00A9F670 /* Explore-BR */,
				65FB99BC26D5B63B00A9F670 /* Products */,
				89A5402453F636656C23EDA9 /* Pods */,
				18478F75C99EF3582CA95ECB /* Frameworks */,
			);
			sourceTree = "<group>";
		};
		65FB99BC26D5B63B00A9F670 /* Products */ = {
			isa = PBXGroup;
			children = (
				65FB99BB26D5B63B00A9F670 /* Explore-BR.app */,
			);
			name = Products;
			sourceTree = "<group>";
		};
		65FB99BD26D5B63B00A9F670 /* Explore-BR */ = {
			isa = PBXGroup;
			children = (
				65FB99C726D5B63E00A9F670 /* Assets.xcassets */,
				65FB99BE26D5B63B00A9F670 /* AppDelegate.swift */,
				65FB99C026D5B63B00A9F670 /* SceneDelegate.swift */,
				627EF21026D6FCA30053B7F1 /* Fonts */,
				627EF24426D6FD380053B7F1 /* Utils */,
				6293350526FBE6D900E12B50 /* Views */,
				6293350226FBE64E00E12B50 /* Model */,
				65FB99CC26D5B63E00A9F670 /* Info.plist */,
			);
			path = "Explore-BR";
			sourceTree = "<group>";
		};
		82DAFA8026D7F81000D40CF8 /* LocationDetails */ = {
			isa = PBXGroup;
			children = (
				82DAFA8126D7F81100D40CF8 /* LocationDetailsViewController.swift */,
				82DAFA8226D7F81100D40CF8 /* LocationDetails.storyboard */,
			);
			path = LocationDetails;
			sourceTree = "<group>";
		};
		89A5402453F636656C23EDA9 /* Pods */ = {
			isa = PBXGroup;
			children = (
				1D11545F005CCCE01000D901 /* Pods-Explore-BR.debug.xcconfig */,
				86986705019A7441BB86E5E5 /* Pods-Explore-BR.release.xcconfig */,
			);
			path = Pods;
			sourceTree = "<group>";
		};
		89B90C0026D888070078F617 /* EventMaps */ = {
			isa = PBXGroup;
			children = (
				89B90C0126D888070078F617 /* EventsVC.swift */,
				89B90C0226D888070078F617 /* EventModalMenu.swift */,
				89B90C0326D888070078F617 /* EventMap.storyboard */,
				89B90C0426D888070078F617 /* EventModalMenu.xib */,
			);
			path = EventMaps;
			sourceTree = "<group>";
		};
		FE6980A726D804A70011272E /* Register */ = {
			isa = PBXGroup;
			children = (
				FE6980A826D804BB0011272E /* Register.storyboard */,
				FE6980AA26D804D10011272E /* RegisterViewController.swift */,
			);
			path = Register;
			sourceTree = "<group>";
		};
/* End PBXGroup section */

/* Begin PBXNativeTarget section */
		65FB99BA26D5B63B00A9F670 /* Explore-BR */ = {
			isa = PBXNativeTarget;
			buildConfigurationList = 65FB99CF26D5B63E00A9F670 /* Build configuration list for PBXNativeTarget "Explore-BR" */;
			buildPhases = (
				4D0AC14DF3FB38606BF86AF6 /* [CP] Check Pods Manifest.lock */,
				65FB99B726D5B63B00A9F670 /* Sources */,
				65FB99B826D5B63B00A9F670 /* Frameworks */,
				65FB99B926D5B63B00A9F670 /* Resources */,
				B99A4C8C7C47BC3DE2AFFBD0 /* [CP] Embed Pods Frameworks */,
			);
			buildRules = (
			);
			dependencies = (
			);
			name = "Explore-BR";
			productName = "Explore-BR";
			productReference = 65FB99BB26D5B63B00A9F670 /* Explore-BR.app */;
			productType = "com.apple.product-type.application";
		};
/* End PBXNativeTarget section */

/* Begin PBXProject section */
		65FB99B326D5B63B00A9F670 /* Project object */ = {
			isa = PBXProject;
			attributes = {
				LastSwiftUpdateCheck = 1250;
				LastUpgradeCheck = 1250;
				TargetAttributes = {
					65FB99BA26D5B63B00A9F670 = {
						CreatedOnToolsVersion = 12.5.1;
					};
				};
			};
			buildConfigurationList = 65FB99B626D5B63B00A9F670 /* Build configuration list for PBXProject "Explore-BR" */;
			compatibilityVersion = "Xcode 9.3";
			developmentRegion = en;
			hasScannedForEncodings = 0;
			knownRegions = (
				en,
				Base,
			);
			mainGroup = 65FB99B226D5B63B00A9F670;
			productRefGroup = 65FB99BC26D5B63B00A9F670 /* Products */;
			projectDirPath = "";
			projectRoot = "";
			targets = (
				65FB99BA26D5B63B00A9F670 /* Explore-BR */,
			);
		};
/* End PBXProject section */

/* Begin PBXResourcesBuildPhase section */
		65FB99B926D5B63B00A9F670 /* Resources */ = {
			isa = PBXResourcesBuildPhase;
			buildActionMask = 2147483647;
			files = (
				627EF22926D6FCA30053B7F1 /* SF-Pro-Text-Regular.otf in Resources */,
				65FB99CB26D5B63E00A9F670 /* LaunchScreen.storyboard in Resources */,
				627EF22526D6FCA30053B7F1 /* SF-Pro-Text-MediumItalic.otf in Resources */,
				627EF22626D6FCA30053B7F1 /* SF-Pro-Text-Light.otf in Resources */,
				82DAFA8426D7F81100D40CF8 /* LocationDetails.storyboard in Resources */,
				627EF22F26D6FCA30053B7F1 /* SF-Pro-Text-RegularItalic.otf in Resources */,
				627EF23326D6FCA30053B7F1 /* SF-Pro-Text-Medium.otf in Resources */,
				627EF22D26D6FCA30053B7F1 /* SF-Pro-Text-ThinItalic.otf in Resources */,
				627EF23026D6FCA30053B7F1 /* SF-Pro-Text-Semibold.otf in Resources */,
				627EF23426D6FCA30053B7F1 /* SF-Pro-Text-SemiboldItalic.otf in Resources */,
				89B90C0726D888080078F617 /* EventMap.storyboard in Resources */,
				627EF22426D6FCA30053B7F1 /* SF-Pro-Text-Heavy.otf in Resources */,
				65B6E09926D6C2B700A54D6C /* ResetPassword.storyboard in Resources */,
				627EF23126D6FCA30053B7F1 /* SF-Pro-Text-HeavyItalic.otf in Resources */,
				137C7A4826DC5069001B3CE1 /* NewEvent.storyboard in Resources */,
				0496A01D26D863E4005CA626 /* ChangePassword.storyboard in Resources */,
				1357495D26D73415009E6233 /* Search.storyboard in Resources */,
				627EF23226D6FCA30053B7F1 /* SF-Pro-Text-LightItalic.otf in Resources */,
				627EF22326D6FCA30053B7F1 /* SF-Pro-Text-UltralightItalic.otf in Resources */,
				627EF22B26D6FCA30053B7F1 /* SF-Pro-Text-Bold.otf in Resources */,
				627EF22A26D6FCA30053B7F1 /* SF-Pro-Text-Ultralight.otf in Resources */,
				627EF24226D6FD210053B7F1 /* SignIn.storyboard in Resources */,
				627EF22726D6FCA30053B7F1 /* SF-Pro-Text-BlackItalic.otf in Resources */,
				65FB99C826D5B63E00A9F670 /* Assets.xcassets in Resources */,
				0496A01626D85379005CA626 /* Home.storyboard in Resources */,
				627EF23D26D6FD080053B7F1 /* Profile.storyboard in Resources */,
				65FB99C626D5B63B00A9F670 /* Main.storyboard in Resources */,
				6525095A26FD21040080B792 /* SearchTableViewCell.xib in Resources */,
				3A58727C26FB6F4100ECED4A /* BestReviewsTableViewCell.xib in Resources */,
				3A58727D26FB6F4100ECED4A /* CardCollectionViewCell.xib in Resources */,
				FE6980A926D804BB0011272E /* Register.storyboard in Resources */,
				627EF22C26D6FCA30053B7F1 /* SF-Pro-Text-Thin.otf in Resources */,
				627EF22E26D6FCA30053B7F1 /* SF-Pro-Text-BoldItalic.otf in Resources */,
				3A58728826FB6F8600ECED4A /* PlacesCollectionViewCell.xib in Resources */,
				89B90C0826D888080078F617 /* EventModalMenu.xib in Resources */,
				627EF23926D6FCF50053B7F1 /* Login.storyboard in Resources */,
				0496A01426D85379005CA626 /* FrameModalMenu.xib in Resources */,
				627EF22826D6FCA30053B7F1 /* SF-Pro-Text-Black.otf in Resources */,
			);
			runOnlyForDeploymentPostprocessing = 0;
		};
/* End PBXResourcesBuildPhase section */

/* Begin PBXShellScriptBuildPhase section */
		4D0AC14DF3FB38606BF86AF6 /* [CP] Check Pods Manifest.lock */ = {
			isa = PBXShellScriptBuildPhase;
			buildActionMask = 2147483647;
			files = (
			);
			inputFileListPaths = (
			);
			inputPaths = (
				"${PODS_PODFILE_DIR_PATH}/Podfile.lock",
				"${PODS_ROOT}/Manifest.lock",
			);
			name = "[CP] Check Pods Manifest.lock";
			outputFileListPaths = (
			);
			outputPaths = (
				"$(DERIVED_FILE_DIR)/Pods-Explore-BR-checkManifestLockResult.txt",
			);
			runOnlyForDeploymentPostprocessing = 0;
			shellPath = /bin/sh;
			shellScript = "diff \"${PODS_PODFILE_DIR_PATH}/Podfile.lock\" \"${PODS_ROOT}/Manifest.lock\" > /dev/null\nif [ $? != 0 ] ; then\n    # print error to STDERR\n    echo \"error: The sandbox is not in sync with the Podfile.lock. Run 'pod install' or update your CocoaPods installation.\" >&2\n    exit 1\nfi\n# This output is used by Xcode 'outputs' to avoid re-running this script phase.\necho \"SUCCESS\" > \"${SCRIPT_OUTPUT_FILE_0}\"\n";
			showEnvVarsInLog = 0;
		};
		B99A4C8C7C47BC3DE2AFFBD0 /* [CP] Embed Pods Frameworks */ = {
			isa = PBXShellScriptBuildPhase;
			buildActionMask = 2147483647;
			files = (
			);
			inputFileListPaths = (
				"${PODS_ROOT}/Target Support Files/Pods-Explore-BR/Pods-Explore-BR-frameworks-${CONFIGURATION}-input-files.xcfilelist",
			);
			name = "[CP] Embed Pods Frameworks";
			outputFileListPaths = (
				"${PODS_ROOT}/Target Support Files/Pods-Explore-BR/Pods-Explore-BR-frameworks-${CONFIGURATION}-output-files.xcfilelist",
			);
			runOnlyForDeploymentPostprocessing = 0;
			shellPath = /bin/sh;
			shellScript = "\"${PODS_ROOT}/Target Support Files/Pods-Explore-BR/Pods-Explore-BR-frameworks.sh\"\n";
			showEnvVarsInLog = 0;
		};
/* End PBXShellScriptBuildPhase section */

/* Begin PBXSourcesBuildPhase section */
		65FB99B726D5B63B00A9F670 /* Sources */ = {
			isa = PBXSourcesBuildPhase;
			buildActionMask = 2147483647;
			files = (
				0496A00D26D8534A005CA626 /* UIView+Gradient.swift in Sources */,
				82DAFA8326D7F81100D40CF8 /* LocationDetailsViewController.swift in Sources */,
				137C7A4526DC502D001B3CE1 /* NewEventViewController.swift in Sources */,
				627EF24326D6FD210053B7F1 /* SignInViewController.swift in Sources */,
				6293350426FBE65B00E12B50 /* User.swift in Sources */,
				0496A01C26D863E4005CA626 /* ChangePasswordViewController.swift in Sources */,
				0496A01526D85379005CA626 /* FrameModalMenu.swift in Sources */,
				3A58728026FB6F4100ECED4A /* BestReview.swift in Sources */,
				3A58728726FB6F8600ECED4A /* PlacesCollectionViewCell.swift in Sources */,
				13E16C3826D739D60054C017 /* NavigationBarGradient.swift in Sources */,
				3A58728926FB6F8600ECED4A /* Place.swift in Sources */,
				3A58727B26FB6F4100ECED4A /* BestReviewsTableViewCell.swift in Sources */,
				0496A01826D85379005CA626 /* HomeVC.swift in Sources */,
				627EF23E26D6FD080053B7F1 /* ProfileViewController.swift in Sources */,
				0496A01F26D863F8005CA626 /* TextFieldIconAndImage.swift in Sources */,
				6525095926FD21040080B792 /* SearchTableViewCell.swift in Sources */,
				89B90C0626D888080078F617 /* EventModalMenu.swift in Sources */,
				FE6980AB26D804D10011272E /* RegisterViewController.swift in Sources */,
				3A58727E26FB6F4100ECED4A /* CardCollectionViewCell.swift in Sources */,
				65FB99C326D5B63B00A9F670 /* ViewController.swift in Sources */,
				89B90C0526D888080078F617 /* EventsVC.swift in Sources */,
				3A58727F26FB6F4100ECED4A /* BestReviewsViewController.swift in Sources */,
				1357495F26D73444009E6233 /* SearchVC.swift in Sources */,
				65FB99BF26D5B63B00A9F670 /* AppDelegate.swift in Sources */,
				65FB99C126D5B63B00A9F670 /* SceneDelegate.swift in Sources */,
				3A58728126FB6F4100ECED4A /* MenuView.swift in Sources */,
				629334FC26FBB2BB00E12B50 /* Alert.swift in Sources */,
				0496A01726D85379005CA626 /* ModalPresentationController.swift in Sources */,
				650B5A4726F6723E00CEB4E2 /* TextField+Animation.swift in Sources */,
				627EF24826D6FD380053B7F1 /* ColorsGradient.swift in Sources */,
				627EF24726D6FD380053B7F1 /* UIButton+Gradient.swift in Sources */,
				65B6E09B26D6C2EF00A54D6C /* ResetPasswordViewController.swift in Sources */,
				627EF23826D6FCF50053B7F1 /* LoginVC.swift in Sources */,
			);
			runOnlyForDeploymentPostprocessing = 0;
		};
/* End PBXSourcesBuildPhase section */

/* Begin PBXVariantGroup section */
		65FB99C426D5B63B00A9F670 /* Main.storyboard */ = {
			isa = PBXVariantGroup;
			children = (
				65FB99C526D5B63B00A9F670 /* Base */,
			);
			name = Main.storyboard;
			sourceTree = "<group>";
		};
		65FB99C926D5B63E00A9F670 /* LaunchScreen.storyboard */ = {
			isa = PBXVariantGroup;
			children = (
				65FB99CA26D5B63E00A9F670 /* Base */,
			);
			name = LaunchScreen.storyboard;
			sourceTree = "<group>";
		};
/* End PBXVariantGroup section */

/* Begin XCBuildConfiguration section */
		65FB99CD26D5B63E00A9F670 /* Debug */ = {
			isa = XCBuildConfiguration;
			buildSettings = {
				ALWAYS_SEARCH_USER_PATHS = NO;
				CLANG_ANALYZER_NONNULL = YES;
				CLANG_ANALYZER_NUMBER_OBJECT_CONVERSION = YES_AGGRESSIVE;
				CLANG_CXX_LANGUAGE_STANDARD = "gnu++14";
				CLANG_CXX_LIBRARY = "libc++";
				CLANG_ENABLE_MODULES = YES;
				CLANG_ENABLE_OBJC_ARC = YES;
				CLANG_ENABLE_OBJC_WEAK = YES;
				CLANG_WARN_BLOCK_CAPTURE_AUTORELEASING = YES;
				CLANG_WARN_BOOL_CONVERSION = YES;
				CLANG_WARN_COMMA = YES;
				CLANG_WARN_CONSTANT_CONVERSION = YES;
				CLANG_WARN_DEPRECATED_OBJC_IMPLEMENTATIONS = YES;
				CLANG_WARN_DIRECT_OBJC_ISA_USAGE = YES_ERROR;
				CLANG_WARN_DOCUMENTATION_COMMENTS = YES;
				CLANG_WARN_EMPTY_BODY = YES;
				CLANG_WARN_ENUM_CONVERSION = YES;
				CLANG_WARN_INFINITE_RECURSION = YES;
				CLANG_WARN_INT_CONVERSION = YES;
				CLANG_WARN_NON_LITERAL_NULL_CONVERSION = YES;
				CLANG_WARN_OBJC_IMPLICIT_RETAIN_SELF = YES;
				CLANG_WARN_OBJC_LITERAL_CONVERSION = YES;
				CLANG_WARN_OBJC_ROOT_CLASS = YES_ERROR;
				CLANG_WARN_QUOTED_INCLUDE_IN_FRAMEWORK_HEADER = YES;
				CLANG_WARN_RANGE_LOOP_ANALYSIS = YES;
				CLANG_WARN_STRICT_PROTOTYPES = YES;
				CLANG_WARN_SUSPICIOUS_MOVE = YES;
				CLANG_WARN_UNGUARDED_AVAILABILITY = YES_AGGRESSIVE;
				CLANG_WARN_UNREACHABLE_CODE = YES;
				CLANG_WARN__DUPLICATE_METHOD_MATCH = YES;
				COPY_PHASE_STRIP = NO;
				DEBUG_INFORMATION_FORMAT = dwarf;
				ENABLE_STRICT_OBJC_MSGSEND = YES;
				ENABLE_TESTABILITY = YES;
				GCC_C_LANGUAGE_STANDARD = gnu11;
				GCC_DYNAMIC_NO_PIC = NO;
				GCC_NO_COMMON_BLOCKS = YES;
				GCC_OPTIMIZATION_LEVEL = 0;
				GCC_PREPROCESSOR_DEFINITIONS = (
					"DEBUG=1",
					"$(inherited)",
				);
				GCC_WARN_64_TO_32_BIT_CONVERSION = YES;
				GCC_WARN_ABOUT_RETURN_TYPE = YES_ERROR;
				GCC_WARN_UNDECLARED_SELECTOR = YES;
				GCC_WARN_UNINITIALIZED_AUTOS = YES_AGGRESSIVE;
				GCC_WARN_UNUSED_FUNCTION = YES;
				GCC_WARN_UNUSED_VARIABLE = YES;
				IPHONEOS_DEPLOYMENT_TARGET = 14.5;
				MTL_ENABLE_DEBUG_INFO = INCLUDE_SOURCE;
				MTL_FAST_MATH = YES;
				ONLY_ACTIVE_ARCH = YES;
				SDKROOT = iphoneos;
				SWIFT_ACTIVE_COMPILATION_CONDITIONS = DEBUG;
				SWIFT_OPTIMIZATION_LEVEL = "-Onone";
			};
			name = Debug;
		};
		65FB99CE26D5B63E00A9F670 /* Release */ = {
			isa = XCBuildConfiguration;
			buildSettings = {
				ALWAYS_SEARCH_USER_PATHS = NO;
				CLANG_ANALYZER_NONNULL = YES;
				CLANG_ANALYZER_NUMBER_OBJECT_CONVERSION = YES_AGGRESSIVE;
				CLANG_CXX_LANGUAGE_STANDARD = "gnu++14";
				CLANG_CXX_LIBRARY = "libc++";
				CLANG_ENABLE_MODULES = YES;
				CLANG_ENABLE_OBJC_ARC = YES;
				CLANG_ENABLE_OBJC_WEAK = YES;
				CLANG_WARN_BLOCK_CAPTURE_AUTORELEASING = YES;
				CLANG_WARN_BOOL_CONVERSION = YES;
				CLANG_WARN_COMMA = YES;
				CLANG_WARN_CONSTANT_CONVERSION = YES;
				CLANG_WARN_DEPRECATED_OBJC_IMPLEMENTATIONS = YES;
				CLANG_WARN_DIRECT_OBJC_ISA_USAGE = YES_ERROR;
				CLANG_WARN_DOCUMENTATION_COMMENTS = YES;
				CLANG_WARN_EMPTY_BODY = YES;
				CLANG_WARN_ENUM_CONVERSION = YES;
				CLANG_WARN_INFINITE_RECURSION = YES;
				CLANG_WARN_INT_CONVERSION = YES;
				CLANG_WARN_NON_LITERAL_NULL_CONVERSION = YES;
				CLANG_WARN_OBJC_IMPLICIT_RETAIN_SELF = YES;
				CLANG_WARN_OBJC_LITERAL_CONVERSION = YES;
				CLANG_WARN_OBJC_ROOT_CLASS = YES_ERROR;
				CLANG_WARN_QUOTED_INCLUDE_IN_FRAMEWORK_HEADER = YES;
				CLANG_WARN_RANGE_LOOP_ANALYSIS = YES;
				CLANG_WARN_STRICT_PROTOTYPES = YES;
				CLANG_WARN_SUSPICIOUS_MOVE = YES;
				CLANG_WARN_UNGUARDED_AVAILABILITY = YES_AGGRESSIVE;
				CLANG_WARN_UNREACHABLE_CODE = YES;
				CLANG_WARN__DUPLICATE_METHOD_MATCH = YES;
				COPY_PHASE_STRIP = NO;
				DEBUG_INFORMATION_FORMAT = "dwarf-with-dsym";
				ENABLE_NS_ASSERTIONS = NO;
				ENABLE_STRICT_OBJC_MSGSEND = YES;
				GCC_C_LANGUAGE_STANDARD = gnu11;
				GCC_NO_COMMON_BLOCKS = YES;
				GCC_WARN_64_TO_32_BIT_CONVERSION = YES;
				GCC_WARN_ABOUT_RETURN_TYPE = YES_ERROR;
				GCC_WARN_UNDECLARED_SELECTOR = YES;
				GCC_WARN_UNINITIALIZED_AUTOS = YES_AGGRESSIVE;
				GCC_WARN_UNUSED_FUNCTION = YES;
				GCC_WARN_UNUSED_VARIABLE = YES;
				IPHONEOS_DEPLOYMENT_TARGET = 14.5;
				MTL_ENABLE_DEBUG_INFO = NO;
				MTL_FAST_MATH = YES;
				SDKROOT = iphoneos;
				SWIFT_COMPILATION_MODE = wholemodule;
				SWIFT_OPTIMIZATION_LEVEL = "-O";
				VALIDATE_PRODUCT = YES;
			};
			name = Release;
		};
		65FB99D026D5B63E00A9F670 /* Debug */ = {
			isa = XCBuildConfiguration;
			baseConfigurationReference = 1D11545F005CCCE01000D901 /* Pods-Explore-BR.debug.xcconfig */;
			buildSettings = {
				ASSETCATALOG_COMPILER_APPICON_NAME = AppIcon;
				ASSETCATALOG_COMPILER_GLOBAL_ACCENT_COLOR_NAME = AccentColor;
				CODE_SIGN_STYLE = Automatic;
				DEVELOPMENT_TEAM = QGQ6W4JWGM;
				INFOPLIST_FILE = "Explore-BR/Info.plist";
				IPHONEOS_DEPLOYMENT_TARGET = 14.4;
				LD_RUNPATH_SEARCH_PATHS = (
					"$(inherited)",
					"@executable_path/Frameworks",
				);
				PRODUCT_BUNDLE_IDENTIFIER = "TurmaIOS.Explore-BR";
				PRODUCT_NAME = "$(TARGET_NAME)";
				SWIFT_VERSION = 5.0;
				TARGETED_DEVICE_FAMILY = "1,2";
			};
			name = Debug;
		};
		65FB99D126D5B63E00A9F670 /* Release */ = {
			isa = XCBuildConfiguration;
			baseConfigurationReference = 86986705019A7441BB86E5E5 /* Pods-Explore-BR.release.xcconfig */;
			buildSettings = {
				ASSETCATALOG_COMPILER_APPICON_NAME = AppIcon;
				ASSETCATALOG_COMPILER_GLOBAL_ACCENT_COLOR_NAME = AccentColor;
				CODE_SIGN_STYLE = Automatic;
				DEVELOPMENT_TEAM = QGQ6W4JWGM;
				INFOPLIST_FILE = "Explore-BR/Info.plist";
				IPHONEOS_DEPLOYMENT_TARGET = 14.4;
				LD_RUNPATH_SEARCH_PATHS = (
					"$(inherited)",
					"@executable_path/Frameworks",
				);
				PRODUCT_BUNDLE_IDENTIFIER = "TurmaIOS.Explore-BR";
				PRODUCT_NAME = "$(TARGET_NAME)";
				SWIFT_VERSION = 5.0;
				TARGETED_DEVICE_FAMILY = "1,2";
			};
			name = Release;
		};
/* End XCBuildConfiguration section */

/* Begin XCConfigurationList section */
		65FB99B626D5B63B00A9F670 /* Build configuration list for PBXProject "Explore-BR" */ = {
			isa = XCConfigurationList;
			buildConfigurations = (
				65FB99CD26D5B63E00A9F670 /* Debug */,
				65FB99CE26D5B63E00A9F670 /* Release */,
			);
			defaultConfigurationIsVisible = 0;
			defaultConfigurationName = Release;
		};
		65FB99CF26D5B63E00A9F670 /* Build configuration list for PBXNativeTarget "Explore-BR" */ = {
			isa = XCConfigurationList;
			buildConfigurations = (
				65FB99D026D5B63E00A9F670 /* Debug */,
				65FB99D126D5B63E00A9F670 /* Release */,
			);
			defaultConfigurationIsVisible = 0;
			defaultConfigurationName = Release;
		};
/* End XCConfigurationList section */
	};
	rootObject = 65FB99B326D5B63B00A9F670 /* Project object */;
}
